// !$*UTF8*$!
{
	archiveVersion = 1;
	classes = {
	};
	objectVersion = 47;
	objects = {

/* Begin PBXBuildFile section */
		160043C01C73292E00871CD2 /* myelinsheath.cpp in Sources */ = {isa = PBXBuildFile; fileRef = 160043BE1C73292E00871CD2 /* myelinsheath.cpp */; };
		160043C31C732F0000871CD2 /* membrane.cpp in Sources */ = {isa = PBXBuildFile; fileRef = 160043C11C732F0000871CD2 /* membrane.cpp */; };
		160043C61C73317600871CD2 /* dendritebranch.cpp in Sources */ = {isa = PBXBuildFile; fileRef = 160043C41C73317600871CD2 /* dendritebranch.cpp */; };
		160043C91C73318B00871CD2 /* axonbranch.cpp in Sources */ = {isa = PBXBuildFile; fileRef = 160043C71C73318B00871CD2 /* axonbranch.cpp */; };
		160043CC1C7332B300871CD2 /* dendritecleft.cpp in Sources */ = {isa = PBXBuildFile; fileRef = 160043CA1C7332B300871CD2 /* dendritecleft.cpp */; };
		160043CF1C7332CB00871CD2 /* axoncleft.cpp in Sources */ = {isa = PBXBuildFile; fileRef = 160043CD1C7332CB00871CD2 /* axoncleft.cpp */; };
		160043D21C73349300871CD2 /* synapticvesicle.cpp in Sources */ = {isa = PBXBuildFile; fileRef = 160043D01C73349300871CD2 /* synapticvesicle.cpp */; };
		161990351C7518D700EA6040 /* abstraction.cpp in Sources */ = {isa = PBXBuildFile; fileRef = 1619900F1C7518D700EA6040 /* abstraction.cpp */; };
		161990361C7518D700EA6040 /* apptimer.cpp in Sources */ = {isa = PBXBuildFile; fileRef = 161990111C7518D700EA6040 /* apptimer.cpp */; };
		161990371C7518D700EA6040 /* compositeforce.cpp in Sources */ = {isa = PBXBuildFile; fileRef = 161990131C7518D700EA6040 /* compositeforce.cpp */; };
		161990381C7518D700EA6040 /* compositeparticle.cpp in Sources */ = {isa = PBXBuildFile; fileRef = 161990151C7518D700EA6040 /* compositeparticle.cpp */; };
		161990391C7518D700EA6040 /* dimension.cpp in Sources */ = {isa = PBXBuildFile; fileRef = 161990171C7518D700EA6040 /* dimension.cpp */; };
		1619903A1C7518D700EA6040 /* elementaryforce.cpp in Sources */ = {isa = PBXBuildFile; fileRef = 161990191C7518D700EA6040 /* elementaryforce.cpp */; };
		1619903B1C7518D700EA6040 /* elementaryparticle.cpp in Sources */ = {isa = PBXBuildFile; fileRef = 1619901B1C7518D700EA6040 /* elementaryparticle.cpp */; };
		1619903D1C7518D700EA6040 /* law.cpp in Sources */ = {isa = PBXBuildFile; fileRef = 1619901E1C7518D700EA6040 /* law.cpp */; };
		1619903E1C7518D700EA6040 /* line.cpp in Sources */ = {isa = PBXBuildFile; fileRef = 161990201C7518D700EA6040 /* line.cpp */; };
		161990401C7518D700EA6040 /* matter.cpp in Sources */ = {isa = PBXBuildFile; fileRef = 161990241C7518D700EA6040 /* matter.cpp */; };
		161990411C7518D700EA6040 /* node.cpp in Sources */ = {isa = PBXBuildFile; fileRef = 161990261C7518D700EA6040 /* node.cpp */; };
		161990421C7518D700EA6040 /* point.cpp in Sources */ = {isa = PBXBuildFile; fileRef = 161990281C7518D700EA6040 /* point.cpp */; };
		161990431C7518D700EA6040 /* polygon.cpp in Sources */ = {isa = PBXBuildFile; fileRef = 1619902A1C7518D700EA6040 /* polygon.cpp */; };
		161990441C7518D700EA6040 /* polyhedron.cpp in Sources */ = {isa = PBXBuildFile; fileRef = 1619902C1C7518D700EA6040 /* polyhedron.cpp */; };
		161990451C7518D700EA6040 /* quad.cpp in Sources */ = {isa = PBXBuildFile; fileRef = 1619902E1C7518D700EA6040 /* quad.cpp */; };
		161990471C7518D700EA6040 /* solid.cpp in Sources */ = {isa = PBXBuildFile; fileRef = 161990311C7518D700EA6040 /* solid.cpp */; };
		161990481C7518D700EA6040 /* universe.cpp in Sources */ = {isa = PBXBuildFile; fileRef = 161990331C7518D700EA6040 /* universe.cpp */; };
		165131E01CA1899600754DD0 /* ResourcePath.mm in Sources */ = {isa = PBXBuildFile; fileRef = 165131DE1CA1899600754DD0 /* ResourcePath.mm */; };
		168005C41C61FCB8007F5DF6 /* main.cpp in Sources */ = {isa = PBXBuildFile; fileRef = 168005C31C61FCB8007F5DF6 /* main.cpp */; };
		168005D61C61FF7F007F5DF6 /* neuron.cpp in Sources */ = {isa = PBXBuildFile; fileRef = 168005D51C61FF7F007F5DF6 /* neuron.cpp */; };
		168005D81C61FF9D007F5DF6 /* soma.cpp in Sources */ = {isa = PBXBuildFile; fileRef = 168005D71C61FF9D007F5DF6 /* soma.cpp */; };
		168005DA1C61FFB7007F5DF6 /* axonhillock.cpp in Sources */ = {isa = PBXBuildFile; fileRef = 168005D91C61FFB7007F5DF6 /* axonhillock.cpp */; };
		168005DC1C61FFCD007F5DF6 /* schwanncell.cpp in Sources */ = {isa = PBXBuildFile; fileRef = 168005DB1C61FFCD007F5DF6 /* schwanncell.cpp */; };
		168005DE1C61FFEA007F5DF6 /* axon.cpp in Sources */ = {isa = PBXBuildFile; fileRef = 168005DD1C61FFEA007F5DF6 /* axon.cpp */; };
		168005E01C61FFFF007F5DF6 /* dendrite.cpp in Sources */ = {isa = PBXBuildFile; fileRef = 168005DF1C61FFFF007F5DF6 /* dendrite.cpp */; };
		168005E21C620022007F5DF6 /* Kchannel.cpp in Sources */ = {isa = PBXBuildFile; fileRef = 168005E11C620022007F5DF6 /* Kchannel.cpp */; };
		168005E41C62003A007F5DF6 /* Nachannel.cpp in Sources */ = {isa = PBXBuildFile; fileRef = 168005E31C62003A007F5DF6 /* Nachannel.cpp */; };
		168005E61C620050007F5DF6 /* neurotransmitter.cpp in Sources */ = {isa = PBXBuildFile; fileRef = 168005E51C620050007F5DF6 /* neurotransmitter.cpp */; };
		168005E81C62006D007F5DF6 /* neuroreceptor.cpp in Sources */ = {isa = PBXBuildFile; fileRef = 168005E71C62006D007F5DF6 /* neuroreceptor.cpp */; };
		168005EA1C620085007F5DF6 /* synapse.cpp in Sources */ = {isa = PBXBuildFile; fileRef = 168005E91C620085007F5DF6 /* synapse.cpp */; };
		168005ED1C620098007F5DF6 /* Cagate.cpp in Sources */ = {isa = PBXBuildFile; fileRef = 168005EB1C620098007F5DF6 /* Cagate.cpp */; };
/* End PBXBuildFile section */

/* Begin PBXCopyFilesBuildPhase section */
		168005BE1C61FCB8007F5DF6 /* CopyFiles */ = {
			isa = PBXCopyFilesBuildPhase;
			buildActionMask = 2147483647;
			dstPath = /usr/share/man/man1/;
			dstSubfolderSpec = 0;
			files = (
			);
			runOnlyForDeploymentPostprocessing = 1;
		};
/* End PBXCopyFilesBuildPhase section */

/* Begin PBXFileReference section */
		160043BE1C73292E00871CD2 /* myelinsheath.cpp */ = {isa = PBXFileReference; fileEncoding = 4; lastKnownFileType = sourcecode.cpp.cpp; path = myelinsheath.cpp; sourceTree = "<group>"; };
		160043BF1C73292E00871CD2 /* myelinsheath.hpp */ = {isa = PBXFileReference; fileEncoding = 4; lastKnownFileType = sourcecode.cpp.h; path = myelinsheath.hpp; sourceTree = "<group>"; };
		160043C11C732F0000871CD2 /* membrane.cpp */ = {isa = PBXFileReference; fileEncoding = 4; lastKnownFileType = sourcecode.cpp.cpp; path = membrane.cpp; sourceTree = "<group>"; };
		160043C21C732F0000871CD2 /* membrane.hpp */ = {isa = PBXFileReference; fileEncoding = 4; lastKnownFileType = sourcecode.cpp.h; path = membrane.hpp; sourceTree = "<group>"; };
		160043C41C73317600871CD2 /* dendritebranch.cpp */ = {isa = PBXFileReference; fileEncoding = 4; lastKnownFileType = sourcecode.cpp.cpp; path = dendritebranch.cpp; sourceTree = "<group>"; };
		160043C51C73317600871CD2 /* dendritebranch.hpp */ = {isa = PBXFileReference; fileEncoding = 4; lastKnownFileType = sourcecode.cpp.h; path = dendritebranch.hpp; sourceTree = "<group>"; };
		160043C71C73318B00871CD2 /* axonbranch.cpp */ = {isa = PBXFileReference; fileEncoding = 4; lastKnownFileType = sourcecode.cpp.cpp; path = axonbranch.cpp; sourceTree = "<group>"; };
		160043C81C73318B00871CD2 /* axonbranch.hpp */ = {isa = PBXFileReference; fileEncoding = 4; lastKnownFileType = sourcecode.cpp.h; path = axonbranch.hpp; sourceTree = "<group>"; };
		160043CA1C7332B300871CD2 /* dendritecleft.cpp */ = {isa = PBXFileReference; fileEncoding = 4; lastKnownFileType = sourcecode.cpp.cpp; path = dendritecleft.cpp; sourceTree = "<group>"; };
		160043CB1C7332B300871CD2 /* dendritecleft.hpp */ = {isa = PBXFileReference; fileEncoding = 4; lastKnownFileType = sourcecode.cpp.h; path = dendritecleft.hpp; sourceTree = "<group>"; };
		160043CD1C7332CB00871CD2 /* axoncleft.cpp */ = {isa = PBXFileReference; fileEncoding = 4; lastKnownFileType = sourcecode.cpp.cpp; path = axoncleft.cpp; sourceTree = "<group>"; };
		160043CE1C7332CB00871CD2 /* axoncleft.hpp */ = {isa = PBXFileReference; fileEncoding = 4; lastKnownFileType = sourcecode.cpp.h; path = axoncleft.hpp; sourceTree = "<group>"; };
		160043D01C73349300871CD2 /* synapticvesicle.cpp */ = {isa = PBXFileReference; fileEncoding = 4; lastKnownFileType = sourcecode.cpp.cpp; path = synapticvesicle.cpp; sourceTree = "<group>"; };
		160043D11C73349300871CD2 /* synapticvesicle.hpp */ = {isa = PBXFileReference; fileEncoding = 4; lastKnownFileType = sourcecode.cpp.h; path = synapticvesicle.hpp; sourceTree = "<group>"; };
		1619900F1C7518D700EA6040 /* abstraction.cpp */ = {isa = PBXFileReference; fileEncoding = 4; lastKnownFileType = sourcecode.cpp.cpp; name = abstraction.cpp; path = ../../homegrown/include/abstraction.cpp; sourceTree = "<group>"; };
		161990101C7518D700EA6040 /* abstraction.h */ = {isa = PBXFileReference; fileEncoding = 4; lastKnownFileType = sourcecode.c.h; name = abstraction.h; path = ../../homegrown/include/abstraction.h; sourceTree = "<group>"; };
		161990111C7518D700EA6040 /* apptimer.cpp */ = {isa = PBXFileReference; fileEncoding = 4; lastKnownFileType = sourcecode.cpp.cpp; name = apptimer.cpp; path = ../../homegrown/include/apptimer.cpp; sourceTree = "<group>"; };
		161990121C7518D700EA6040 /* apptimer.h */ = {isa = PBXFileReference; fileEncoding = 4; lastKnownFileType = sourcecode.c.h; name = apptimer.h; path = ../../homegrown/include/apptimer.h; sourceTree = "<group>"; };
		161990131C7518D700EA6040 /* compositeforce.cpp */ = {isa = PBXFileReference; fileEncoding = 4; lastKnownFileType = sourcecode.cpp.cpp; name = compositeforce.cpp; path = ../../homegrown/include/compositeforce.cpp; sourceTree = "<group>"; };
		161990141C7518D700EA6040 /* compositeforce.h */ = {isa = PBXFileReference; fileEncoding = 4; lastKnownFileType = sourcecode.c.h; name = compositeforce.h; path = ../../homegrown/include/compositeforce.h; sourceTree = "<group>"; };
		161990151C7518D700EA6040 /* compositeparticle.cpp */ = {isa = PBXFileReference; fileEncoding = 4; lastKnownFileType = sourcecode.cpp.cpp; name = compositeparticle.cpp; path = ../../homegrown/include/compositeparticle.cpp; sourceTree = "<group>"; };
		161990161C7518D700EA6040 /* compositeparticle.h */ = {isa = PBXFileReference; fileEncoding = 4; lastKnownFileType = sourcecode.c.h; name = compositeparticle.h; path = ../../homegrown/include/compositeparticle.h; sourceTree = "<group>"; };
		161990171C7518D700EA6040 /* dimension.cpp */ = {isa = PBXFileReference; fileEncoding = 4; lastKnownFileType = sourcecode.cpp.cpp; name = dimension.cpp; path = ../../homegrown/include/dimension.cpp; sourceTree = "<group>"; };
		161990181C7518D700EA6040 /* dimension.h */ = {isa = PBXFileReference; fileEncoding = 4; lastKnownFileType = sourcecode.c.h; name = dimension.h; path = ../../homegrown/include/dimension.h; sourceTree = "<group>"; };
		161990191C7518D700EA6040 /* elementaryforce.cpp */ = {isa = PBXFileReference; fileEncoding = 4; lastKnownFileType = sourcecode.cpp.cpp; name = elementaryforce.cpp; path = ../../homegrown/include/elementaryforce.cpp; sourceTree = "<group>"; };
		1619901A1C7518D700EA6040 /* elementaryforce.h */ = {isa = PBXFileReference; fileEncoding = 4; lastKnownFileType = sourcecode.c.h; name = elementaryforce.h; path = ../../homegrown/include/elementaryforce.h; sourceTree = "<group>"; };
		1619901B1C7518D700EA6040 /* elementaryparticle.cpp */ = {isa = PBXFileReference; fileEncoding = 4; lastKnownFileType = sourcecode.cpp.cpp; name = elementaryparticle.cpp; path = ../../homegrown/include/elementaryparticle.cpp; sourceTree = "<group>"; };
		1619901C1C7518D700EA6040 /* elementaryparticle.h */ = {isa = PBXFileReference; fileEncoding = 4; lastKnownFileType = sourcecode.c.h; name = elementaryparticle.h; path = ../../homegrown/include/elementaryparticle.h; sourceTree = "<group>"; };
		1619901E1C7518D700EA6040 /* law.cpp */ = {isa = PBXFileReference; fileEncoding = 4; lastKnownFileType = sourcecode.cpp.cpp; name = law.cpp; path = ../../homegrown/include/law.cpp; sourceTree = "<group>"; };
		1619901F1C7518D700EA6040 /* law.h */ = {isa = PBXFileReference; fileEncoding = 4; lastKnownFileType = sourcecode.c.h; name = law.h; path = ../../homegrown/include/law.h; sourceTree = "<group>"; };
		161990201C7518D700EA6040 /* line.cpp */ = {isa = PBXFileReference; fileEncoding = 4; lastKnownFileType = sourcecode.cpp.cpp; name = line.cpp; path = ../../homegrown/include/line.cpp; sourceTree = "<group>"; };
		161990211C7518D700EA6040 /* line.h */ = {isa = PBXFileReference; fileEncoding = 4; lastKnownFileType = sourcecode.c.h; name = line.h; path = ../../homegrown/include/line.h; sourceTree = "<group>"; };
		161990241C7518D700EA6040 /* matter.cpp */ = {isa = PBXFileReference; fileEncoding = 4; lastKnownFileType = sourcecode.cpp.cpp; name = matter.cpp; path = ../../homegrown/include/matter.cpp; sourceTree = "<group>"; };
		161990251C7518D700EA6040 /* matter.h */ = {isa = PBXFileReference; fileEncoding = 4; lastKnownFileType = sourcecode.c.h; name = matter.h; path = ../../homegrown/include/matter.h; sourceTree = "<group>"; };
		161990261C7518D700EA6040 /* node.cpp */ = {isa = PBXFileReference; fileEncoding = 4; lastKnownFileType = sourcecode.cpp.cpp; name = node.cpp; path = ../../homegrown/include/node.cpp; sourceTree = "<group>"; };
		161990271C7518D700EA6040 /* node.h */ = {isa = PBXFileReference; fileEncoding = 4; lastKnownFileType = sourcecode.c.h; name = node.h; path = ../../homegrown/include/node.h; sourceTree = "<group>"; };
		161990281C7518D700EA6040 /* point.cpp */ = {isa = PBXFileReference; fileEncoding = 4; lastKnownFileType = sourcecode.cpp.cpp; name = point.cpp; path = ../../homegrown/include/point.cpp; sourceTree = "<group>"; };
		161990291C7518D700EA6040 /* point.h */ = {isa = PBXFileReference; fileEncoding = 4; lastKnownFileType = sourcecode.c.h; name = point.h; path = ../../homegrown/include/point.h; sourceTree = "<group>"; };
		1619902A1C7518D700EA6040 /* polygon.cpp */ = {isa = PBXFileReference; fileEncoding = 4; lastKnownFileType = sourcecode.cpp.cpp; name = polygon.cpp; path = ../../homegrown/include/polygon.cpp; sourceTree = "<group>"; };
		1619902B1C7518D700EA6040 /* polygon.h */ = {isa = PBXFileReference; fileEncoding = 4; lastKnownFileType = sourcecode.c.h; name = polygon.h; path = ../../homegrown/include/polygon.h; sourceTree = "<group>"; };
		1619902C1C7518D700EA6040 /* polyhedron.cpp */ = {isa = PBXFileReference; fileEncoding = 4; lastKnownFileType = sourcecode.cpp.cpp; name = polyhedron.cpp; path = ../../homegrown/include/polyhedron.cpp; sourceTree = "<group>"; };
		1619902D1C7518D700EA6040 /* polyhedron.h */ = {isa = PBXFileReference; fileEncoding = 4; lastKnownFileType = sourcecode.c.h; name = polyhedron.h; path = ../../homegrown/include/polyhedron.h; sourceTree = "<group>"; };
		1619902E1C7518D700EA6040 /* quad.cpp */ = {isa = PBXFileReference; fileEncoding = 4; lastKnownFileType = sourcecode.cpp.cpp; name = quad.cpp; path = ../../homegrown/include/quad.cpp; sourceTree = "<group>"; };
		1619902F1C7518D700EA6040 /* quad.h */ = {isa = PBXFileReference; fileEncoding = 4; lastKnownFileType = sourcecode.c.h; name = quad.h; path = ../../homegrown/include/quad.h; sourceTree = "<group>"; };
		161990311C7518D700EA6040 /* solid.cpp */ = {isa = PBXFileReference; fileEncoding = 4; lastKnownFileType = sourcecode.cpp.cpp; name = solid.cpp; path = ../../homegrown/include/solid.cpp; sourceTree = "<group>"; };
		161990321C7518D700EA6040 /* solid.h */ = {isa = PBXFileReference; fileEncoding = 4; lastKnownFileType = sourcecode.c.h; name = solid.h; path = ../../homegrown/include/solid.h; sourceTree = "<group>"; };
		161990331C7518D700EA6040 /* universe.cpp */ = {isa = PBXFileReference; fileEncoding = 4; lastKnownFileType = sourcecode.cpp.cpp; name = universe.cpp; path = ../../homegrown/include/universe.cpp; sourceTree = "<group>"; };
		161990341C7518D700EA6040 /* universe.h */ = {isa = PBXFileReference; fileEncoding = 4; lastKnownFileType = sourcecode.c.h; name = universe.h; path = ../../homegrown/include/universe.h; sourceTree = "<group>"; };
		165131DD1CA1895500754DD0 /* BrainHarmonics.plist */ = {isa = PBXFileReference; fileEncoding = 4; lastKnownFileType = text.plist.xml; path = BrainHarmonics.plist; sourceTree = "<group>"; };
		165131DE1CA1899600754DD0 /* ResourcePath.mm */ = {isa = PBXFileReference; fileEncoding = 4; lastKnownFileType = sourcecode.cpp.objcpp; path = ResourcePath.mm; sourceTree = "<group>"; };
		165131DF1CA1899600754DD0 /* ResourcePath.hpp */ = {isa = PBXFileReference; fileEncoding = 4; lastKnownFileType = sourcecode.cpp.h; path = ResourcePath.hpp; sourceTree = "<group>"; };
		165131E21CA18A0C00754DD0 /* cute_image.jpg */ = {isa = PBXFileReference; lastKnownFileType = image.jpeg; path = cute_image.jpg; sourceTree = "<group>"; };
		165131E31CA18A0C00754DD0 /* nice_music.ogg */ = {isa = PBXFileReference; lastKnownFileType = file; path = nice_music.ogg; sourceTree = "<group>"; };
		165131E41CA18A0C00754DD0 /* sansation.ttf */ = {isa = PBXFileReference; lastKnownFileType = file; path = sansation.ttf; sourceTree = "<group>"; };
		165131E51CA18A0C00754DD0 /* icon.png */ = {isa = PBXFileReference; lastKnownFileType = image.png; path = icon.png; sourceTree = "<group>"; };
		165131E61CA1929A00754DD0 /* messages.txt */ = {isa = PBXFileReference; fileEncoding = 4; lastKnownFileType = text; path = messages.txt; sourceTree = "<group>"; };
		168005C01C61FCB8007F5DF6 /* BrainHarmonics */ = {isa = PBXFileReference; explicitFileType = "compiled.mach-o.executable"; includeInIndex = 0; path = BrainHarmonics; sourceTree = BUILT_PRODUCTS_DIR; };
		168005C31C61FCB8007F5DF6 /* main.cpp */ = {isa = PBXFileReference; lastKnownFileType = sourcecode.cpp.cpp; path = main.cpp; sourceTree = "<group>"; };
		168005CA1C61FE1C007F5DF6 /* neuron.hpp */ = {isa = PBXFileReference; lastKnownFileType = sourcecode.cpp.h; path = neuron.hpp; sourceTree = "<group>"; };
		168005CB1C61FE2F007F5DF6 /* soma.hpp */ = {isa = PBXFileReference; lastKnownFileType = sourcecode.cpp.h; path = soma.hpp; sourceTree = "<group>"; };
		168005CC1C61FE48007F5DF6 /* axonhillock.hpp */ = {isa = PBXFileReference; lastKnownFileType = sourcecode.cpp.h; path = axonhillock.hpp; sourceTree = "<group>"; };
		168005CD1C61FE67007F5DF6 /* schwanncell.hpp */ = {isa = PBXFileReference; lastKnownFileType = sourcecode.cpp.h; path = schwanncell.hpp; sourceTree = "<group>"; };
		168005CE1C61FE7A007F5DF6 /* axon.hpp */ = {isa = PBXFileReference; lastKnownFileType = sourcecode.cpp.h; path = axon.hpp; sourceTree = "<group>"; };
		168005CF1C61FE8C007F5DF6 /* dendrite.hpp */ = {isa = PBXFileReference; lastKnownFileType = sourcecode.cpp.h; path = dendrite.hpp; sourceTree = "<group>"; };
		168005D01C61FEB1007F5DF6 /* Kchannel.hpp */ = {isa = PBXFileReference; lastKnownFileType = sourcecode.cpp.h; path = Kchannel.hpp; sourceTree = "<group>"; };
		168005D11C61FEC8007F5DF6 /* Nachannel.hpp */ = {isa = PBXFileReference; lastKnownFileType = sourcecode.cpp.h; path = Nachannel.hpp; sourceTree = "<group>"; };
		168005D21C61FEE8007F5DF6 /* neurotransmitter.hpp */ = {isa = PBXFileReference; lastKnownFileType = sourcecode.cpp.h; path = neurotransmitter.hpp; sourceTree = "<group>"; };
		168005D31C61FEFC007F5DF6 /* neuroreceptor.hpp */ = {isa = PBXFileReference; lastKnownFileType = sourcecode.cpp.h; path = neuroreceptor.hpp; sourceTree = "<group>"; };
		168005D41C61FF15007F5DF6 /* synapse.hpp */ = {isa = PBXFileReference; lastKnownFileType = sourcecode.cpp.h; path = synapse.hpp; sourceTree = "<group>"; };
		168005D51C61FF7F007F5DF6 /* neuron.cpp */ = {isa = PBXFileReference; fileEncoding = 4; lastKnownFileType = sourcecode.cpp.cpp; path = neuron.cpp; sourceTree = "<group>"; };
		168005D71C61FF9D007F5DF6 /* soma.cpp */ = {isa = PBXFileReference; fileEncoding = 4; lastKnownFileType = sourcecode.cpp.cpp; path = soma.cpp; sourceTree = "<group>"; };
		168005D91C61FFB7007F5DF6 /* axonhillock.cpp */ = {isa = PBXFileReference; fileEncoding = 4; lastKnownFileType = sourcecode.cpp.cpp; path = axonhillock.cpp; sourceTree = "<group>"; };
		168005DB1C61FFCD007F5DF6 /* schwanncell.cpp */ = {isa = PBXFileReference; fileEncoding = 4; lastKnownFileType = sourcecode.cpp.cpp; path = schwanncell.cpp; sourceTree = "<group>"; };
		168005DD1C61FFEA007F5DF6 /* axon.cpp */ = {isa = PBXFileReference; fileEncoding = 4; lastKnownFileType = sourcecode.cpp.cpp; path = axon.cpp; sourceTree = "<group>"; };
		168005DF1C61FFFF007F5DF6 /* dendrite.cpp */ = {isa = PBXFileReference; fileEncoding = 4; lastKnownFileType = sourcecode.cpp.cpp; path = dendrite.cpp; sourceTree = "<group>"; };
		168005E11C620022007F5DF6 /* Kchannel.cpp */ = {isa = PBXFileReference; fileEncoding = 4; lastKnownFileType = sourcecode.cpp.cpp; path = Kchannel.cpp; sourceTree = "<group>"; };
		168005E31C62003A007F5DF6 /* Nachannel.cpp */ = {isa = PBXFileReference; fileEncoding = 4; lastKnownFileType = sourcecode.cpp.cpp; path = Nachannel.cpp; sourceTree = "<group>"; };
		168005E51C620050007F5DF6 /* neurotransmitter.cpp */ = {isa = PBXFileReference; fileEncoding = 4; lastKnownFileType = sourcecode.cpp.cpp; path = neurotransmitter.cpp; sourceTree = "<group>"; };
		168005E71C62006D007F5DF6 /* neuroreceptor.cpp */ = {isa = PBXFileReference; fileEncoding = 4; lastKnownFileType = sourcecode.cpp.cpp; path = neuroreceptor.cpp; sourceTree = "<group>"; };
		168005E91C620085007F5DF6 /* synapse.cpp */ = {isa = PBXFileReference; fileEncoding = 4; lastKnownFileType = sourcecode.cpp.cpp; path = synapse.cpp; sourceTree = "<group>"; };
		168005EB1C620098007F5DF6 /* Cagate.cpp */ = {isa = PBXFileReference; fileEncoding = 4; lastKnownFileType = sourcecode.cpp.cpp; path = Cagate.cpp; sourceTree = "<group>"; };
		168005EC1C620098007F5DF6 /* Cagate.hpp */ = {isa = PBXFileReference; fileEncoding = 4; lastKnownFileType = sourcecode.cpp.h; path = Cagate.hpp; sourceTree = "<group>"; };
/* End PBXFileReference section */

/* Begin PBXFrameworksBuildPhase section */
		168005BD1C61FCB8007F5DF6 /* Frameworks */ = {
			isa = PBXFrameworksBuildPhase;
			buildActionMask = 2147483647;
			files = (
			);
			runOnlyForDeploymentPostprocessing = 0;
		};
/* End PBXFrameworksBuildPhase section */

/* Begin PBXGroup section */
		165131DC1CA1892900754DD0 /* Supporting Files */ = {
			isa = PBXGroup;
			children = (
				165131DD1CA1895500754DD0 /* BrainHarmonics.plist */,
			);
			name = "Supporting Files";
			sourceTree = "<group>";
		};
		165131E11CA189CF00754DD0 /* Resources */ = {
			isa = PBXGroup;
			children = (
				165131E61CA1929A00754DD0 /* messages.txt */,
				165131E21CA18A0C00754DD0 /* cute_image.jpg */,
				165131E31CA18A0C00754DD0 /* nice_music.ogg */,
				165131E41CA18A0C00754DD0 /* sansation.ttf */,
				165131E51CA18A0C00754DD0 /* icon.png */,
			);
			name = Resources;
			sourceTree = "<group>";
		};
		168005B71C61FCB8007F5DF6 = {
			isa = PBXGroup;
			children = (
				165131E11CA189CF00754DD0 /* Resources */,
				165131DC1CA1892900754DD0 /* Supporting Files */,
				168005C21C61FCB8007F5DF6 /* BrainHarmonics */,
				168005C11C61FCB8007F5DF6 /* Products */,
			);
			sourceTree = "<group>";
		};
		168005C11C61FCB8007F5DF6 /* Products */ = {
			isa = PBXGroup;
			children = (
				168005C01C61FCB8007F5DF6 /* BrainHarmonics */,
			);
			name = Products;
			sourceTree = "<group>";
		};
		168005C21C61FCB8007F5DF6 /* BrainHarmonics */ = {
			isa = PBXGroup;
			children = (
				165131DE1CA1899600754DD0 /* ResourcePath.mm */,
				165131DF1CA1899600754DD0 /* ResourcePath.hpp */,
				1619900F1C7518D700EA6040 /* abstraction.cpp */,
				161990101C7518D700EA6040 /* abstraction.h */,
				161990111C7518D700EA6040 /* apptimer.cpp */,
				161990121C7518D700EA6040 /* apptimer.h */,
				168005DD1C61FFEA007F5DF6 /* axon.cpp */,
				168005CE1C61FE7A007F5DF6 /* axon.hpp */,
				160043C71C73318B00871CD2 /* axonbranch.cpp */,
				160043C81C73318B00871CD2 /* axonbranch.hpp */,
				160043CD1C7332CB00871CD2 /* axoncleft.cpp */,
				160043CE1C7332CB00871CD2 /* axoncleft.hpp */,
				168005D91C61FFB7007F5DF6 /* axonhillock.cpp */,
				168005CC1C61FE48007F5DF6 /* axonhillock.hpp */,
				168005EB1C620098007F5DF6 /* Cagate.cpp */,
				168005EC1C620098007F5DF6 /* Cagate.hpp */,
				161990131C7518D700EA6040 /* compositeforce.cpp */,
				161990141C7518D700EA6040 /* compositeforce.h */,
				161990151C7518D700EA6040 /* compositeparticle.cpp */,
				161990161C7518D700EA6040 /* compositeparticle.h */,
				168005DF1C61FFFF007F5DF6 /* dendrite.cpp */,
				168005CF1C61FE8C007F5DF6 /* dendrite.hpp */,
				160043C41C73317600871CD2 /* dendritebranch.cpp */,
				160043C51C73317600871CD2 /* dendritebranch.hpp */,
				160043CA1C7332B300871CD2 /* dendritecleft.cpp */,
				160043CB1C7332B300871CD2 /* dendritecleft.hpp */,
				161990171C7518D700EA6040 /* dimension.cpp */,
				161990181C7518D700EA6040 /* dimension.h */,
				161990191C7518D700EA6040 /* elementaryforce.cpp */,
				1619901A1C7518D700EA6040 /* elementaryforce.h */,
				1619901B1C7518D700EA6040 /* elementaryparticle.cpp */,
				1619901C1C7518D700EA6040 /* elementaryparticle.h */,
				168005E11C620022007F5DF6 /* Kchannel.cpp */,
				168005D01C61FEB1007F5DF6 /* Kchannel.hpp */,
				1619901E1C7518D700EA6040 /* law.cpp */,
				1619901F1C7518D700EA6040 /* law.h */,
				161990201C7518D700EA6040 /* line.cpp */,
				161990211C7518D700EA6040 /* line.h */,
				168005C31C61FCB8007F5DF6 /* main.cpp */,
				161990241C7518D700EA6040 /* matter.cpp */,
				161990251C7518D700EA6040 /* matter.h */,
				160043C11C732F0000871CD2 /* membrane.cpp */,
				160043C21C732F0000871CD2 /* membrane.hpp */,
				160043BE1C73292E00871CD2 /* myelinsheath.cpp */,
				160043BF1C73292E00871CD2 /* myelinsheath.hpp */,
				168005E31C62003A007F5DF6 /* Nachannel.cpp */,
				168005D11C61FEC8007F5DF6 /* Nachannel.hpp */,
				168005D51C61FF7F007F5DF6 /* neuron.cpp */,
				168005CA1C61FE1C007F5DF6 /* neuron.hpp */,
				168005E71C62006D007F5DF6 /* neuroreceptor.cpp */,
				168005D31C61FEFC007F5DF6 /* neuroreceptor.hpp */,
				168005E51C620050007F5DF6 /* neurotransmitter.cpp */,
				168005D21C61FEE8007F5DF6 /* neurotransmitter.hpp */,
				161990261C7518D700EA6040 /* node.cpp */,
				161990271C7518D700EA6040 /* node.h */,
				161990281C7518D700EA6040 /* point.cpp */,
				161990291C7518D700EA6040 /* point.h */,
				1619902A1C7518D700EA6040 /* polygon.cpp */,
				1619902B1C7518D700EA6040 /* polygon.h */,
				1619902C1C7518D700EA6040 /* polyhedron.cpp */,
				1619902D1C7518D700EA6040 /* polyhedron.h */,
				1619902E1C7518D700EA6040 /* quad.cpp */,
				1619902F1C7518D700EA6040 /* quad.h */,
				168005DB1C61FFCD007F5DF6 /* schwanncell.cpp */,
				168005CD1C61FE67007F5DF6 /* schwanncell.hpp */,
				161990311C7518D700EA6040 /* solid.cpp */,
				161990321C7518D700EA6040 /* solid.h */,
				168005D71C61FF9D007F5DF6 /* soma.cpp */,
				168005CB1C61FE2F007F5DF6 /* soma.hpp */,
				168005E91C620085007F5DF6 /* synapse.cpp */,
				168005D41C61FF15007F5DF6 /* synapse.hpp */,
				160043D01C73349300871CD2 /* synapticvesicle.cpp */,
				160043D11C73349300871CD2 /* synapticvesicle.hpp */,
				161990331C7518D700EA6040 /* universe.cpp */,
				161990341C7518D700EA6040 /* universe.h */,
			);
			path = BrainHarmonics;
			sourceTree = "<group>";
		};
/* End PBXGroup section */

/* Begin PBXNativeTarget section */
		168005BF1C61FCB8007F5DF6 /* BrainHarmonics */ = {
			isa = PBXNativeTarget;
			buildConfigurationList = 168005C71C61FCB8007F5DF6 /* Build configuration list for PBXNativeTarget "BrainHarmonics" */;
			buildPhases = (
				168005BC1C61FCB8007F5DF6 /* Sources */,
				168005BD1C61FCB8007F5DF6 /* Frameworks */,
				168005BE1C61FCB8007F5DF6 /* CopyFiles */,
			);
			buildRules = (
			);
			dependencies = (
			);
			name = BrainHarmonics;
			productName = BrainHarmonics;
			productReference = 168005C01C61FCB8007F5DF6 /* BrainHarmonics */;
			productType = "com.apple.product-type.tool";
		};
/* End PBXNativeTarget section */

/* Begin PBXProject section */
		168005B81C61FCB8007F5DF6 /* Project object */ = {
			isa = PBXProject;
			attributes = {
				LastUpgradeCheck = 0730;
				ORGANIZATIONNAME = "Paul Isaac's";
				TargetAttributes = {
					168005BF1C61FCB8007F5DF6 = {
						CreatedOnToolsVersion = 7.2;
					};
				};
			};
			buildConfigurationList = 168005BB1C61FCB8007F5DF6 /* Build configuration list for PBXProject "BrainHarmonics" */;
			compatibilityVersion = "Xcode 6.3";
			developmentRegion = English;
			hasScannedForEncodings = 0;
			knownRegions = (
				en,
			);
			mainGroup = 168005B71C61FCB8007F5DF6;
			productRefGroup = 168005C11C61FCB8007F5DF6 /* Products */;
			projectDirPath = "";
			projectRoot = "";
			targets = (
				168005BF1C61FCB8007F5DF6 /* BrainHarmonics */,
			);
		};
/* End PBXProject section */

/* Begin PBXSourcesBuildPhase section */
		168005BC1C61FCB8007F5DF6 /* Sources */ = {
			isa = PBXSourcesBuildPhase;
			buildActionMask = 2147483647;
			files = (
				160043C61C73317600871CD2 /* dendritebranch.cpp in Sources */,
				168005DA1C61FFB7007F5DF6 /* axonhillock.cpp in Sources */,
				161990411C7518D700EA6040 /* node.cpp in Sources */,
				168005E21C620022007F5DF6 /* Kchannel.cpp in Sources */,
				161990421C7518D700EA6040 /* point.cpp in Sources */,
				168005D61C61FF7F007F5DF6 /* neuron.cpp in Sources */,
				160043C31C732F0000871CD2 /* membrane.cpp in Sources */,
				168005ED1C620098007F5DF6 /* Cagate.cpp in Sources */,
				168005EA1C620085007F5DF6 /* synapse.cpp in Sources */,
				168005C41C61FCB8007F5DF6 /* main.cpp in Sources */,
				161990401C7518D700EA6040 /* matter.cpp in Sources */,
				160043C01C73292E00871CD2 /* myelinsheath.cpp in Sources */,
				161990361C7518D700EA6040 /* apptimer.cpp in Sources */,
				168005DC1C61FFCD007F5DF6 /* schwanncell.cpp in Sources */,
				160043CF1C7332CB00871CD2 /* axoncleft.cpp in Sources */,
				168005D81C61FF9D007F5DF6 /* soma.cpp in Sources */,
				1619903B1C7518D700EA6040 /* elementaryparticle.cpp in Sources */,
				1619903A1C7518D700EA6040 /* elementaryforce.cpp in Sources */,
				161990381C7518D700EA6040 /* compositeparticle.cpp in Sources */,
				160043C91C73318B00871CD2 /* axonbranch.cpp in Sources */,
				168005E41C62003A007F5DF6 /* Nachannel.cpp in Sources */,
				161990391C7518D700EA6040 /* dimension.cpp in Sources */,
				161990441C7518D700EA6040 /* polyhedron.cpp in Sources */,
				161990351C7518D700EA6040 /* abstraction.cpp in Sources */,
				160043D21C73349300871CD2 /* synapticvesicle.cpp in Sources */,
				161990451C7518D700EA6040 /* quad.cpp in Sources */,
				161990431C7518D700EA6040 /* polygon.cpp in Sources */,
				168005DE1C61FFEA007F5DF6 /* axon.cpp in Sources */,
				161990371C7518D700EA6040 /* compositeforce.cpp in Sources */,
				161990471C7518D700EA6040 /* solid.cpp in Sources */,
				1619903E1C7518D700EA6040 /* line.cpp in Sources */,
				168005E01C61FFFF007F5DF6 /* dendrite.cpp in Sources */,
				168005E61C620050007F5DF6 /* neurotransmitter.cpp in Sources */,
				168005E81C62006D007F5DF6 /* neuroreceptor.cpp in Sources */,
				165131E01CA1899600754DD0 /* ResourcePath.mm in Sources */,
				1619903D1C7518D700EA6040 /* law.cpp in Sources */,
				161990481C7518D700EA6040 /* universe.cpp in Sources */,
				160043CC1C7332B300871CD2 /* dendritecleft.cpp in Sources */,
			);
			runOnlyForDeploymentPostprocessing = 0;
		};
/* End PBXSourcesBuildPhase section */

/* Begin XCBuildConfiguration section */
		168005C51C61FCB8007F5DF6 /* Debug */ = {
			isa = XCBuildConfiguration;
			buildSettings = {
				ALWAYS_SEARCH_USER_PATHS = YES;
				CLANG_CXX_LANGUAGE_STANDARD = "c++0x";
				CLANG_CXX_LIBRARY = "libc++";
				CLANG_ENABLE_MODULES = NO;
				CLANG_ENABLE_OBJC_ARC = NO;
				CLANG_WARN_BOOL_CONVERSION = YES;
				CLANG_WARN_CONSTANT_CONVERSION = YES;
				CLANG_WARN_DIRECT_OBJC_ISA_USAGE = YES_ERROR;
				CLANG_WARN_EMPTY_BODY = YES;
				CLANG_WARN_ENUM_CONVERSION = YES;
				CLANG_WARN_INT_CONVERSION = YES;
				CLANG_WARN_OBJC_ROOT_CLASS = YES_ERROR;
				CLANG_WARN_UNREACHABLE_CODE = YES;
				CLANG_WARN__DUPLICATE_METHOD_MATCH = YES;
				CODE_SIGN_IDENTITY = "";
				COPY_PHASE_STRIP = YES;
				DEBUG_INFORMATION_FORMAT = dwarf;
				ENABLE_STRICT_OBJC_MSGSEND = YES;
				ENABLE_TESTABILITY = YES;
				FRAMEWORK_SEARCH_PATHS = /Library/Frameworks/;
				GCC_C_LANGUAGE_STANDARD = "compiler-default";
				GCC_DYNAMIC_NO_PIC = NO;
				GCC_NO_COMMON_BLOCKS = YES;
				GCC_OPTIMIZATION_LEVEL = 0;
				GCC_PREPROCESSOR_DEFINITIONS = (
					"DEBUG=1",
					"$(inherited)",
				);
				GCC_WARN_64_TO_32_BIT_CONVERSION = YES;
				GCC_WARN_ABOUT_RETURN_TYPE = YES_ERROR;
				GCC_WARN_UNDECLARED_SELECTOR = YES;
				GCC_WARN_UNINITIALIZED_AUTOS = YES_AGGRESSIVE;
				GCC_WARN_UNUSED_FUNCTION = YES;
				GCC_WARN_UNUSED_VARIABLE = YES;
				HEADER_SEARCH_PATHS = (
					/usr/local/include/,
					/usr/local/Aria/include/,
					"$(inherited)",
				);
				LIBRARY_SEARCH_PATHS = (
					/usr/local/lib/,
					/usr/local/Aria/lib/,
				);
				MACOSX_DEPLOYMENT_TARGET = 10.11;
				MTL_ENABLE_DEBUG_INFO = YES;
				ONLY_ACTIVE_ARCH = YES;
				OTHER_LDFLAGS = (
					"$(SFML_SYSTEM)",
					"$(SFML_WINDOWS)",
					"$(SFML_GRAPHICS)",
					"$(SFML_AUDIO)",
					"$(SFML_NETWORKS)",
				);
				"OTHER_LDFLAGS[arch=*]" = (
					"$(SFML_SYSTEM)",
					"$(SFML_WINDOWS)",
					"$(SFML_GRAPHICS)",
					"$(SFML_AUDIO)",
					"$(SFML_NETWORKS)",
				);
				SDKROOT = macosx;
				SFML_AUDIO = "$(SFML_LINK_PREFIX) sfml-audio$(SFML_LINK_SUFFIX)";
				SFML_BINARY_TYPE = FRAMEWORKS;
				SFML_GRAPHICS = "$(SFML_LINK_PREFIX) sfml-graphics$(SFML_LINK_SUFFIX)";
				SFML_LINK_DYLIBS_PREFIX = "-l";
				SFML_LINK_DYLIBS_SUFFIX = "";
				SFML_LINK_FRAMEWORKS_PREFIX = "-framework";
				SFML_LINK_FRAMEWORKS_SUFFIX = "";
				SFML_LINK_PREFIX = "$(SFML_LINK_$(SFML_BINARY_TYPE)_PREFIX)";
				SFML_LINK_SUFFIX = "$(SFML_LINK_$(SFML_BINARY_TYPE)_SUFFIX)";
				SFML_NETWORK = "$(SFML_LINK_PREFIX) sfml-network$(SFML_LINK_SUFFIX)";
				SFML_SYSTEM = "$(SFML_LINK_PREFIX) sfml-system$(SFML_LINK_SUFFIX)";
				SFML_WINDOW = "$(SFML_LINK_PREFIX) sfml-window$(SFML_LINK_SUFFIX)";
			};
			name = Debug;
		};
		168005C61C61FCB8007F5DF6 /* Release */ = {
			isa = XCBuildConfiguration;
			buildSettings = {
				ALWAYS_SEARCH_USER_PATHS = YES;
				CLANG_CXX_LANGUAGE_STANDARD = "c++0x";
				CLANG_CXX_LIBRARY = "libc++";
				CLANG_ENABLE_MODULES = NO;
				CLANG_ENABLE_OBJC_ARC = NO;
				CLANG_WARN_BOOL_CONVERSION = YES;
				CLANG_WARN_CONSTANT_CONVERSION = YES;
				CLANG_WARN_DIRECT_OBJC_ISA_USAGE = YES_ERROR;
				CLANG_WARN_EMPTY_BODY = YES;
				CLANG_WARN_ENUM_CONVERSION = YES;
				CLANG_WARN_INT_CONVERSION = YES;
				CLANG_WARN_OBJC_ROOT_CLASS = YES_ERROR;
				CLANG_WARN_UNREACHABLE_CODE = YES;
				CLANG_WARN__DUPLICATE_METHOD_MATCH = YES;
				CODE_SIGN_IDENTITY = "";
				COPY_PHASE_STRIP = YES;
				DEBUG_INFORMATION_FORMAT = "dwarf-with-dsym";
				ENABLE_NS_ASSERTIONS = NO;
				ENABLE_STRICT_OBJC_MSGSEND = YES;
				FRAMEWORK_SEARCH_PATHS = /Library/Frameworks/;
				GCC_C_LANGUAGE_STANDARD = "compiler-default";
				GCC_NO_COMMON_BLOCKS = YES;
				GCC_WARN_64_TO_32_BIT_CONVERSION = YES;
				GCC_WARN_ABOUT_RETURN_TYPE = YES_ERROR;
				GCC_WARN_UNDECLARED_SELECTOR = YES;
				GCC_WARN_UNINITIALIZED_AUTOS = YES_AGGRESSIVE;
				GCC_WARN_UNUSED_FUNCTION = YES;
				GCC_WARN_UNUSED_VARIABLE = YES;
				HEADER_SEARCH_PATHS = (
					/usr/local/include/,
					/usr/local/Aria/include/,
					"$(inherited)",
				);
				LIBRARY_SEARCH_PATHS = (
					/usr/local/lib/,
					/usr/local/Aria/lib/,
				);
				MACOSX_DEPLOYMENT_TARGET = 10.11;
				MTL_ENABLE_DEBUG_INFO = NO;
				OTHER_LDFLAGS = (
					"$(SFML_SYSTEM)",
					"$(SFML_WINDOWS)",
					"$(SFML_GRAPHICS)",
					"$(SFML_AUDIO)",
					"$(SFML_NETWORKS)",
				);
				"OTHER_LDFLAGS[arch=*]" = (
					"$(SFML_SYSTEM)",
					"$(SFML_WINDOWS)",
					"$(SFML_GRAPHICS)",
					"$(SFML_AUDIO)",
					"$(SFML_NETWORKS)",
				);
				SDKROOT = macosx;
				SFML_AUDIO = "$(SFML_LINK_PREFIX) sfml-audio$(SFML_LINK_SUFFIX)";
				SFML_BINARY_TYPE = FRAMEWORKS;
				SFML_GRAPHICS = "$(SFML_LINK_PREFIX) sfml-graphics$(SFML_LINK_SUFFIX)";
				SFML_LINK_DYLIBS_PREFIX = "-l";
				SFML_LINK_DYLIBS_SUFFIX = "";
				SFML_LINK_FRAMEWORKS_PREFIX = "-framework";
				SFML_LINK_FRAMEWORKS_SUFFIX = "";
				SFML_LINK_PREFIX = "$(SFML_LINK_$(SFML_BINARY_TYPE)_PREFIX)";
				SFML_LINK_SUFFIX = "$(SFML_LINK_$(SFML_BINARY_TYPE)_SUFFIX)";
				SFML_NETWORK = "$(SFML_LINK_PREFIX) sfml-network$(SFML_LINK_SUFFIX)";
				SFML_SYSTEM = "$(SFML_LINK_PREFIX) sfml-system$(SFML_LINK_SUFFIX)";
				SFML_WINDOW = "$(SFML_LINK_PREFIX) sfml-window$(SFML_LINK_SUFFIX)";
			};
			name = Release;
		};
		168005C81C61FCB8007F5DF6 /* Debug */ = {
			isa = XCBuildConfiguration;
			buildSettings = {
				CLANG_ANALYZER_SECURITY_FLOATLOOPCOUNTER = YES;
				CLANG_CXX_LANGUAGE_STANDARD = "c++0x";
				CLANG_CXX_LIBRARY = "libc++";
				CLANG_WARN__EXIT_TIME_DESTRUCTORS = YES;
				ENABLE_ON_DEMAND_RESOURCES = NO;
				GCC_NO_COMMON_BLOCKS = NO;
				GCC_OPTIMIZATION_LEVEL = s;
				GENERATE_PKGINFO_FILE = YES;
				HEADER_SEARCH_PATHS = (
					"\"$(SRCROOT)/../homegrown/include\"",
					/usr/local/include/,
					"$(inherited)",
				);
				INFOPLIST_FILE = BrainHarmonics/BrainHarmonics.plist;
				LD_RUNPATH_SEARCH_PATHS = "@loader_path/../Frameworks";
				LIBRARY_SEARCH_PATHS = (
					"\"$(SRCROOT)/../homegrown/lib\"",
					/usr/local/lib/,
					"$(inherited)",
				);
				ONLY_ACTIVE_ARCH = NO;
				OTHER_LDFLAGS = (
					"$(inherited)",
					"$(SFML_SYSTEM)",
					"$(SFML_WINDOW)",
					"$(SFML_GRAPHICS)",
					"$(SFML_AUDIO)",
					"$(SFML_NETWORK)",
				);
				"OTHER_LDFLAGS[arch=*]" = (
					"$(inherited)",
					"$(SFML_SYSTEM)",
					"$(SFML_WINDOW)",
					"$(SFML_GRAPHICS)",
					"$(SFML_AUDIO)",
					"$(SFML_NETWORK)",
				);
				PRIVATE_HEADERS_FOLDER_PATH = "$(CONTENTS_FOLDER_PATH)/PrivateHeaders";
				PRODUCT_NAME = "$(TARGET_NAME)";
				PUBLIC_HEADERS_FOLDER_PATH = "$(CONTENTS_FOLDER_PATH)/Headers";
				VALID_ARCHS = "i386 x86_64";
				WRAPPER_EXTENSION = app;
			};
			name = Debug;
		};
		168005C91C61FCB8007F5DF6 /* Release */ = {
			isa = XCBuildConfiguration;
			buildSettings = {
				CLANG_ANALYZER_SECURITY_FLOATLOOPCOUNTER = YES;
				CLANG_CXX_LANGUAGE_STANDARD = "c++0x";
				CLANG_CXX_LIBRARY = "libc++";
				CLANG_WARN__EXIT_TIME_DESTRUCTORS = YES;
				ENABLE_ON_DEMAND_RESOURCES = NO;
				GCC_NO_COMMON_BLOCKS = NO;
				GENERATE_PKGINFO_FILE = YES;
				HEADER_SEARCH_PATHS = (
					"\"$(SRCROOT)/../homegrown/include\"",
					/usr/local/include/,
					"$(inherited)",
				);
				INFOPLIST_FILE = BrainHarmonics/BrainHarmonics.plist;
				LD_RUNPATH_SEARCH_PATHS = "@loader_path/../Frameworks";
				LIBRARY_SEARCH_PATHS = (
					"\"$(SRCROOT)/../homegrown/lib\"",
					/usr/local/lib/,
					"$(inherited)",
				);
				ONLY_ACTIVE_ARCH = NO;
				OTHER_LDFLAGS = (
					"$(inherited)",
					"$(SFML_SYSTEM)",
					"$(SFML_WINDOW)",
					"$(SFML_GRAPHICS)",
					"$(SFML_AUDIO)",
					"$(SFML_NETWORK)",
				);
				"OTHER_LDFLAGS[arch=*]" = (
					"$(inherited)",
					"$(SFML_SYSTEM)",
					"$(SFML_WINDOW)",
					"$(SFML_GRAPHICS)",
					"$(SFML_AUDIO)",
					"$(SFML_NETWORK)",
				);
				PRIVATE_HEADERS_FOLDER_PATH = "$(CONTENTS_FOLDER_PATH)/PrivateHeaders";
				PRODUCT_NAME = "$(TARGET_NAME)";
				PUBLIC_HEADERS_FOLDER_PATH = "$(CONTENTS_FOLDER_PATH)/Headers";
				VALID_ARCHS = "i386 x86_64";
				WRAPPER_EXTENSION = app;
			};
			name = Release;
		};
/* End XCBuildConfiguration section */

/* Begin XCConfigurationList section */
		168005BB1C61FCB8007F5DF6 /* Build configuration list for PBXProject "BrainHarmonics" */ = {
			isa = XCConfigurationList;
			buildConfigurations = (
				168005C51C61FCB8007F5DF6 /* Debug */,
				168005C61C61FCB8007F5DF6 /* Release */,
			);
			defaultConfigurationIsVisible = 0;
			defaultConfigurationName = Release;
		};
		168005C71C61FCB8007F5DF6 /* Build configuration list for PBXNativeTarget "BrainHarmonics" */ = {
			isa = XCConfigurationList;
			buildConfigurations = (
				168005C81C61FCB8007F5DF6 /* Debug */,
				168005C91C61FCB8007F5DF6 /* Release */,
			);
			defaultConfigurationIsVisible = 0;
			defaultConfigurationName = Release;
		};
/* End XCConfigurationList section */
	};
	rootObject = 168005B81C61FCB8007F5DF6 /* Project object */;
}
