// !$*UTF8*$!
{
	archiveVersion = 1;
	classes = {
	};
	objectVersion = 47;
	objects = {

/* Begin PBXBuildFile section */
		160043C01C73292E00871CD2 /* myelinsheath.cc in Sources */ = {isa = PBXBuildFile; fileRef = 160043BE1C73292E00871CD2 /* myelinsheath.cc */; };
		160043C31C732F0000871CD2 /* membrane.cc in Sources */ = {isa = PBXBuildFile; fileRef = 160043C11C732F0000871CD2 /* membrane.cc */; };
		160043C61C73317600871CD2 /* dendritebranch.cc in Sources */ = {isa = PBXBuildFile; fileRef = 160043C41C73317600871CD2 /* dendritebranch.cc */; };
		160043C91C73318B00871CD2 /* axonbranch.cc in Sources */ = {isa = PBXBuildFile; fileRef = 160043C71C73318B00871CD2 /* axonbranch.cc */; };
		160043CC1C7332B300871CD2 /* dendritecleft.cc in Sources */ = {isa = PBXBuildFile; fileRef = 160043CA1C7332B300871CD2 /* dendritecleft.cc */; };
		160043CF1C7332CB00871CD2 /* axonbouton.cc in Sources */ = {isa = PBXBuildFile; fileRef = 160043CD1C7332CB00871CD2 /* axonbouton.cc */; };
		160043D21C73349300871CD2 /* synapticvesicle.cc in Sources */ = {isa = PBXBuildFile; fileRef = 160043D01C73349300871CD2 /* synapticvesicle.cc */; };
		16053C5C1E94EE2900760241 /* sniffex.cc in Sources */ = {isa = PBXBuildFile; fileRef = 16053C5A1E94EE2900760241 /* sniffex.cc */; };
		161990351C7518D700EA6040 /* abstraction.cc in Sources */ = {isa = PBXBuildFile; fileRef = 1619900F1C7518D700EA6040 /* abstraction.cc */; };
		161990361C7518D700EA6040 /* apptimer.cc in Sources */ = {isa = PBXBuildFile; fileRef = 161990111C7518D700EA6040 /* apptimer.cc */; };
		161990371C7518D700EA6040 /* compositeforce.cc in Sources */ = {isa = PBXBuildFile; fileRef = 161990131C7518D700EA6040 /* compositeforce.cc */; };
		161990381C7518D700EA6040 /* compositeparticle.cc in Sources */ = {isa = PBXBuildFile; fileRef = 161990151C7518D700EA6040 /* compositeparticle.cc */; };
		161990391C7518D700EA6040 /* dimension.cc in Sources */ = {isa = PBXBuildFile; fileRef = 161990171C7518D700EA6040 /* dimension.cc */; };
		1619903A1C7518D700EA6040 /* elementaryforce.cc in Sources */ = {isa = PBXBuildFile; fileRef = 161990191C7518D700EA6040 /* elementaryforce.cc */; };
		1619903B1C7518D700EA6040 /* elementaryparticle.cc in Sources */ = {isa = PBXBuildFile; fileRef = 1619901B1C7518D700EA6040 /* elementaryparticle.cc */; };
		1619903D1C7518D700EA6040 /* law.cc in Sources */ = {isa = PBXBuildFile; fileRef = 1619901E1C7518D700EA6040 /* law.cc */; };
		1619903E1C7518D700EA6040 /* line.cc in Sources */ = {isa = PBXBuildFile; fileRef = 161990201C7518D700EA6040 /* line.cc */; };
		161990401C7518D700EA6040 /* matter.cc in Sources */ = {isa = PBXBuildFile; fileRef = 161990241C7518D700EA6040 /* matter.cc */; };
		161990411C7518D700EA6040 /* node.cc in Sources */ = {isa = PBXBuildFile; fileRef = 161990261C7518D700EA6040 /* node.cc */; };
		161990421C7518D700EA6040 /* point.cc in Sources */ = {isa = PBXBuildFile; fileRef = 161990281C7518D700EA6040 /* point.cc */; };
		161990431C7518D700EA6040 /* polygon.cc in Sources */ = {isa = PBXBuildFile; fileRef = 1619902A1C7518D700EA6040 /* polygon.cc */; };
		161990441C7518D700EA6040 /* polyhedron.cc in Sources */ = {isa = PBXBuildFile; fileRef = 1619902C1C7518D700EA6040 /* polyhedron.cc */; };
		161990451C7518D700EA6040 /* quad.cc in Sources */ = {isa = PBXBuildFile; fileRef = 1619902E1C7518D700EA6040 /* quad.cc */; };
		161990471C7518D700EA6040 /* solid.cc in Sources */ = {isa = PBXBuildFile; fileRef = 161990311C7518D700EA6040 /* solid.cc */; };
		161990481C7518D700EA6040 /* universe.cc in Sources */ = {isa = PBXBuildFile; fileRef = 161990331C7518D700EA6040 /* universe.cc */; };
		164F6ECE1E7C15F4008A80AA /* orbital.cc in Sources */ = {isa = PBXBuildFile; fileRef = 164F6ECC1E7C15F4008A80AA /* orbital.cc */; };
		164FB31D1CF0C251000A7235 /* Cocoa.framework in Frameworks */ = {isa = PBXBuildFile; fileRef = 164FB31A1CF0C251000A7235 /* Cocoa.framework */; };
		164FB31E1CF0C251000A7235 /* GLUT.framework in Frameworks */ = {isa = PBXBuildFile; fileRef = 164FB31B1CF0C251000A7235 /* GLUT.framework */; };
		164FB31F1CF0C251000A7235 /* OpenGL.framework in Frameworks */ = {isa = PBXBuildFile; fileRef = 164FB31C1CF0C251000A7235 /* OpenGL.framework */; };
		165131E01CA1899600754DD0 /* resourcepath.cc in Sources */ = {isa = PBXBuildFile; fileRef = 165131DE1CA1899600754DD0 /* resourcepath.cc */; };
		166364E71E4C6805002C459A /* dendritespine.cc in Sources */ = {isa = PBXBuildFile; fileRef = 166364E51E4C6805002C459A /* dendritespine.cc */; };
		168005C41C61FCB8007F5DF6 /* main.cc in Sources */ = {isa = PBXBuildFile; fileRef = 168005C31C61FCB8007F5DF6 /* main.cc */; };
		168005D61C61FF7F007F5DF6 /* neuron.cc in Sources */ = {isa = PBXBuildFile; fileRef = 168005D51C61FF7F007F5DF6 /* neuron.cc */; };
		168005D81C61FF9D007F5DF6 /* soma.cc in Sources */ = {isa = PBXBuildFile; fileRef = 168005D71C61FF9D007F5DF6 /* soma.cc */; };
		168005DA1C61FFB7007F5DF6 /* axonhillock.cc in Sources */ = {isa = PBXBuildFile; fileRef = 168005D91C61FFB7007F5DF6 /* axonhillock.cc */; };
		168005DC1C61FFCD007F5DF6 /* schwanncell.cc in Sources */ = {isa = PBXBuildFile; fileRef = 168005DB1C61FFCD007F5DF6 /* schwanncell.cc */; };
		168005DE1C61FFEA007F5DF6 /* axon.cc in Sources */ = {isa = PBXBuildFile; fileRef = 168005DD1C61FFEA007F5DF6 /* axon.cc */; };
		168005E01C61FFFF007F5DF6 /* dendrite.cc in Sources */ = {isa = PBXBuildFile; fileRef = 168005DF1C61FFFF007F5DF6 /* dendrite.cc */; };
		168005E21C620022007F5DF6 /* kchannel.cc in Sources */ = {isa = PBXBuildFile; fileRef = 168005E11C620022007F5DF6 /* kchannel.cc */; };
		168005E41C62003A007F5DF6 /* nachannel.cc in Sources */ = {isa = PBXBuildFile; fileRef = 168005E31C62003A007F5DF6 /* nachannel.cc */; };
		168005E61C620050007F5DF6 /* neurotransmitter.cc in Sources */ = {isa = PBXBuildFile; fileRef = 168005E51C620050007F5DF6 /* neurotransmitter.cc */; };
		168005E81C62006D007F5DF6 /* neuroreceptor.cc in Sources */ = {isa = PBXBuildFile; fileRef = 168005E71C62006D007F5DF6 /* neuroreceptor.cc */; };
		168005EA1C620085007F5DF6 /* synapse.cc in Sources */ = {isa = PBXBuildFile; fileRef = 168005E91C620085007F5DF6 /* synapse.cc */; };
		168005ED1C620098007F5DF6 /* cagate.cc in Sources */ = {isa = PBXBuildFile; fileRef = 168005EB1C620098007F5DF6 /* cagate.cc */; };
		168610B61CC2D1DE00F09001 /* multiscreen.cc in Sources */ = {isa = PBXBuildFile; fileRef = 168610B41CC2D1DE00F09001 /* multiscreen.cc */; };
		16E3DFC21CBD46F000C7C2B1 /* spike.cc in Sources */ = {isa = PBXBuildFile; fileRef = 16E3DFC01CBD46F000C7C2B1 /* spike.cc */; };
		16F8F3641CBEE204002E2658 /* monomer.cc in Sources */ = {isa = PBXBuildFile; fileRef = 16F8F3621CBEE204002E2658 /* monomer.cc */; };
		16F8F3671CBEE226002E2658 /* polymer.cc in Sources */ = {isa = PBXBuildFile; fileRef = 16F8F3651CBEE226002E2658 /* polymer.cc */; };
/* End PBXBuildFile section */

/* Begin PBXCopyFilesBuildPhase section */
		168005BE1C61FCB8007F5DF6 /* CopyFiles */ = {
			isa = PBXCopyFilesBuildPhase;
			buildActionMask = 2147483647;
			dstPath = /usr/share/man/man1/;
			dstSubfolderSpec = 0;
			files = (
			);
			runOnlyForDeploymentPostprocessing = 1;
		};
/* End PBXCopyFilesBuildPhase section */

/* Begin PBXFileReference section */
		160043BE1C73292E00871CD2 /* myelinsheath.cc */ = {isa = PBXFileReference; fileEncoding = 4; lastKnownFileType = sourcecode.cpp.cpp; path = myelinsheath.cc; sourceTree = "<group>"; };
		160043BF1C73292E00871CD2 /* myelinsheath.h */ = {isa = PBXFileReference; fileEncoding = 4; lastKnownFileType = sourcecode.c.h; path = myelinsheath.h; sourceTree = "<group>"; };
		160043C11C732F0000871CD2 /* membrane.cc */ = {isa = PBXFileReference; fileEncoding = 4; lastKnownFileType = sourcecode.cpp.cpp; path = membrane.cc; sourceTree = "<group>"; };
		160043C21C732F0000871CD2 /* membrane.h */ = {isa = PBXFileReference; fileEncoding = 4; lastKnownFileType = sourcecode.c.h; path = membrane.h; sourceTree = "<group>"; };
		160043C41C73317600871CD2 /* dendritebranch.cc */ = {isa = PBXFileReference; fileEncoding = 4; lastKnownFileType = sourcecode.cpp.cpp; path = dendritebranch.cc; sourceTree = "<group>"; };
		160043C51C73317600871CD2 /* dendritebranch.h */ = {isa = PBXFileReference; fileEncoding = 4; lastKnownFileType = sourcecode.c.h; path = dendritebranch.h; sourceTree = "<group>"; };
		160043C71C73318B00871CD2 /* axonbranch.cc */ = {isa = PBXFileReference; fileEncoding = 4; lastKnownFileType = sourcecode.cpp.cpp; path = axonbranch.cc; sourceTree = "<group>"; };
		160043C81C73318B00871CD2 /* axonbranch.h */ = {isa = PBXFileReference; fileEncoding = 4; lastKnownFileType = sourcecode.c.h; path = axonbranch.h; sourceTree = "<group>"; };
		160043CA1C7332B300871CD2 /* dendritecleft.cc */ = {isa = PBXFileReference; fileEncoding = 4; lastKnownFileType = sourcecode.cpp.cpp; path = dendritecleft.cc; sourceTree = "<group>"; };
		160043CB1C7332B300871CD2 /* dendritecleft.h */ = {isa = PBXFileReference; fileEncoding = 4; lastKnownFileType = sourcecode.c.h; path = dendritecleft.h; sourceTree = "<group>"; };
		160043CD1C7332CB00871CD2 /* axonbouton.cc */ = {isa = PBXFileReference; fileEncoding = 4; lastKnownFileType = sourcecode.cpp.cpp; path = axonbouton.cc; sourceTree = "<group>"; };
		160043CE1C7332CB00871CD2 /* axonbouton.h */ = {isa = PBXFileReference; fileEncoding = 4; lastKnownFileType = sourcecode.c.h; path = axonbouton.h; sourceTree = "<group>"; };
		160043D01C73349300871CD2 /* synapticvesicle.cc */ = {isa = PBXFileReference; fileEncoding = 4; lastKnownFileType = sourcecode.cpp.cpp; path = synapticvesicle.cc; sourceTree = "<group>"; };
		160043D11C73349300871CD2 /* synapticvesicle.h */ = {isa = PBXFileReference; fileEncoding = 4; lastKnownFileType = sourcecode.c.h; path = synapticvesicle.h; sourceTree = "<group>"; };
		16053C5A1E94EE2900760241 /* sniffex.cc */ = {isa = PBXFileReference; fileEncoding = 4; lastKnownFileType = sourcecode.cpp.cpp; path = sniffex.cc; sourceTree = "<group>"; };
		16053C5B1E94EE2900760241 /* sniffex.h */ = {isa = PBXFileReference; fileEncoding = 4; lastKnownFileType = sourcecode.c.h; path = sniffex.h; sourceTree = "<group>"; };
		16053C5D1E95120300760241 /* data */ = {isa = PBXFileReference; lastKnownFileType = folder; path = data; sourceTree = "<group>"; };
		1619900F1C7518D700EA6040 /* abstraction.cc */ = {isa = PBXFileReference; fileEncoding = 4; lastKnownFileType = sourcecode.cpp.cpp; name = abstraction.cc; path = ../../homegrown/include/abstraction.cc; sourceTree = "<group>"; };
		161990101C7518D700EA6040 /* abstraction.h */ = {isa = PBXFileReference; fileEncoding = 4; lastKnownFileType = sourcecode.c.h; name = abstraction.h; path = ../../homegrown/include/abstraction.h; sourceTree = "<group>"; };
		161990111C7518D700EA6040 /* apptimer.cc */ = {isa = PBXFileReference; fileEncoding = 4; lastKnownFileType = sourcecode.cpp.cpp; name = apptimer.cc; path = ../../homegrown/include/apptimer.cc; sourceTree = "<group>"; };
		161990121C7518D700EA6040 /* apptimer.h */ = {isa = PBXFileReference; fileEncoding = 4; lastKnownFileType = sourcecode.c.h; name = apptimer.h; path = ../../homegrown/include/apptimer.h; sourceTree = "<group>"; };
		161990131C7518D700EA6040 /* compositeforce.cc */ = {isa = PBXFileReference; fileEncoding = 4; lastKnownFileType = sourcecode.cpp.cpp; name = compositeforce.cc; path = ../../homegrown/include/compositeforce.cc; sourceTree = "<group>"; };
		161990141C7518D700EA6040 /* compositeforce.h */ = {isa = PBXFileReference; fileEncoding = 4; lastKnownFileType = sourcecode.c.h; name = compositeforce.h; path = ../../homegrown/include/compositeforce.h; sourceTree = "<group>"; };
		161990151C7518D700EA6040 /* compositeparticle.cc */ = {isa = PBXFileReference; fileEncoding = 4; lastKnownFileType = sourcecode.cpp.cpp; name = compositeparticle.cc; path = ../../homegrown/include/compositeparticle.cc; sourceTree = "<group>"; };
		161990161C7518D700EA6040 /* compositeparticle.h */ = {isa = PBXFileReference; fileEncoding = 4; lastKnownFileType = sourcecode.c.h; name = compositeparticle.h; path = ../../homegrown/include/compositeparticle.h; sourceTree = "<group>"; };
		161990171C7518D700EA6040 /* dimension.cc */ = {isa = PBXFileReference; fileEncoding = 4; lastKnownFileType = sourcecode.cpp.cpp; name = dimension.cc; path = ../../homegrown/include/dimension.cc; sourceTree = "<group>"; };
		161990181C7518D700EA6040 /* dimension.h */ = {isa = PBXFileReference; fileEncoding = 4; lastKnownFileType = sourcecode.c.h; name = dimension.h; path = ../../homegrown/include/dimension.h; sourceTree = "<group>"; };
		161990191C7518D700EA6040 /* elementaryforce.cc */ = {isa = PBXFileReference; fileEncoding = 4; lastKnownFileType = sourcecode.cpp.cpp; name = elementaryforce.cc; path = ../../homegrown/include/elementaryforce.cc; sourceTree = "<group>"; };
		1619901A1C7518D700EA6040 /* elementaryforce.h */ = {isa = PBXFileReference; fileEncoding = 4; lastKnownFileType = sourcecode.c.h; name = elementaryforce.h; path = ../../homegrown/include/elementaryforce.h; sourceTree = "<group>"; };
		1619901B1C7518D700EA6040 /* elementaryparticle.cc */ = {isa = PBXFileReference; fileEncoding = 4; lastKnownFileType = sourcecode.cpp.cpp; name = elementaryparticle.cc; path = ../../homegrown/include/elementaryparticle.cc; sourceTree = "<group>"; };
		1619901C1C7518D700EA6040 /* elementaryparticle.h */ = {isa = PBXFileReference; fileEncoding = 4; lastKnownFileType = sourcecode.c.h; name = elementaryparticle.h; path = ../../homegrown/include/elementaryparticle.h; sourceTree = "<group>"; };
		1619901E1C7518D700EA6040 /* law.cc */ = {isa = PBXFileReference; fileEncoding = 4; lastKnownFileType = sourcecode.cpp.cpp; name = law.cc; path = ../../homegrown/include/law.cc; sourceTree = "<group>"; };
		1619901F1C7518D700EA6040 /* law.h */ = {isa = PBXFileReference; fileEncoding = 4; lastKnownFileType = sourcecode.c.h; name = law.h; path = ../../homegrown/include/law.h; sourceTree = "<group>"; };
		161990201C7518D700EA6040 /* line.cc */ = {isa = PBXFileReference; fileEncoding = 4; lastKnownFileType = sourcecode.cpp.cpp; name = line.cc; path = ../../homegrown/include/line.cc; sourceTree = "<group>"; };
		161990211C7518D700EA6040 /* line.h */ = {isa = PBXFileReference; fileEncoding = 4; lastKnownFileType = sourcecode.c.h; name = line.h; path = ../../homegrown/include/line.h; sourceTree = "<group>"; };
		161990241C7518D700EA6040 /* matter.cc */ = {isa = PBXFileReference; fileEncoding = 4; lastKnownFileType = sourcecode.cpp.cpp; name = matter.cc; path = ../../homegrown/include/matter.cc; sourceTree = "<group>"; };
		161990251C7518D700EA6040 /* matter.h */ = {isa = PBXFileReference; fileEncoding = 4; lastKnownFileType = sourcecode.c.h; name = matter.h; path = ../../homegrown/include/matter.h; sourceTree = "<group>"; };
		161990261C7518D700EA6040 /* node.cc */ = {isa = PBXFileReference; fileEncoding = 4; lastKnownFileType = sourcecode.cpp.cpp; name = node.cc; path = ../../homegrown/include/node.cc; sourceTree = "<group>"; };
		161990271C7518D700EA6040 /* node.h */ = {isa = PBXFileReference; fileEncoding = 4; lastKnownFileType = sourcecode.c.h; name = node.h; path = ../../homegrown/include/node.h; sourceTree = "<group>"; };
		161990281C7518D700EA6040 /* point.cc */ = {isa = PBXFileReference; fileEncoding = 4; lastKnownFileType = sourcecode.cpp.cpp; name = point.cc; path = ../../homegrown/include/point.cc; sourceTree = "<group>"; };
		161990291C7518D700EA6040 /* point.h */ = {isa = PBXFileReference; fileEncoding = 4; lastKnownFileType = sourcecode.c.h; name = point.h; path = ../../homegrown/include/point.h; sourceTree = "<group>"; };
		1619902A1C7518D700EA6040 /* polygon.cc */ = {isa = PBXFileReference; fileEncoding = 4; lastKnownFileType = sourcecode.cpp.cpp; name = polygon.cc; path = ../../homegrown/include/polygon.cc; sourceTree = "<group>"; };
		1619902B1C7518D700EA6040 /* polygon.h */ = {isa = PBXFileReference; fileEncoding = 4; lastKnownFileType = sourcecode.c.h; name = polygon.h; path = ../../homegrown/include/polygon.h; sourceTree = "<group>"; };
		1619902C1C7518D700EA6040 /* polyhedron.cc */ = {isa = PBXFileReference; fileEncoding = 4; lastKnownFileType = sourcecode.cpp.cpp; name = polyhedron.cc; path = ../../homegrown/include/polyhedron.cc; sourceTree = "<group>"; };
		1619902D1C7518D700EA6040 /* polyhedron.h */ = {isa = PBXFileReference; fileEncoding = 4; lastKnownFileType = sourcecode.c.h; name = polyhedron.h; path = ../../homegrown/include/polyhedron.h; sourceTree = "<group>"; };
		1619902E1C7518D700EA6040 /* quad.cc */ = {isa = PBXFileReference; fileEncoding = 4; lastKnownFileType = sourcecode.cpp.cpp; name = quad.cc; path = ../../homegrown/include/quad.cc; sourceTree = "<group>"; };
		1619902F1C7518D700EA6040 /* quad.h */ = {isa = PBXFileReference; fileEncoding = 4; lastKnownFileType = sourcecode.c.h; name = quad.h; path = ../../homegrown/include/quad.h; sourceTree = "<group>"; };
		161990311C7518D700EA6040 /* solid.cc */ = {isa = PBXFileReference; fileEncoding = 4; lastKnownFileType = sourcecode.cpp.cpp; name = solid.cc; path = ../../homegrown/include/solid.cc; sourceTree = "<group>"; };
		161990321C7518D700EA6040 /* solid.h */ = {isa = PBXFileReference; fileEncoding = 4; lastKnownFileType = sourcecode.c.h; name = solid.h; path = ../../homegrown/include/solid.h; sourceTree = "<group>"; };
		161990331C7518D700EA6040 /* universe.cc */ = {isa = PBXFileReference; fileEncoding = 4; lastKnownFileType = sourcecode.cpp.cpp; name = universe.cc; path = ../../homegrown/include/universe.cc; sourceTree = "<group>"; };
		161990341C7518D700EA6040 /* universe.h */ = {isa = PBXFileReference; fileEncoding = 4; lastKnownFileType = sourcecode.c.h; name = universe.h; path = ../../homegrown/include/universe.h; sourceTree = "<group>"; };
		163FF45C1CDFC1FF002B7DE9 /* ccpx1.in */ = {isa = PBXFileReference; lastKnownFileType = text; path = ccpx1.in; sourceTree = "<group>"; };
		163FF45D1CDFC1FF002B7DE9 /* ccpx11.in */ = {isa = PBXFileReference; lastKnownFileType = text; path = ccpx11.in; sourceTree = "<group>"; };
		164F6ECC1E7C15F4008A80AA /* orbital.cc */ = {isa = PBXFileReference; fileEncoding = 4; lastKnownFileType = sourcecode.cpp.cpp; path = orbital.cc; sourceTree = "<group>"; };
		164F6ECD1E7C15F4008A80AA /* orbital.h */ = {isa = PBXFileReference; fileEncoding = 4; lastKnownFileType = sourcecode.c.h; path = orbital.h; sourceTree = "<group>"; };
		164FB31A1CF0C251000A7235 /* Cocoa.framework */ = {isa = PBXFileReference; lastKnownFileType = wrapper.framework; name = Cocoa.framework; path = ../../../../System/Library/Frameworks/Cocoa.framework; sourceTree = "<group>"; };
		164FB31B1CF0C251000A7235 /* GLUT.framework */ = {isa = PBXFileReference; lastKnownFileType = wrapper.framework; name = GLUT.framework; path = ../../../../System/Library/Frameworks/GLUT.framework; sourceTree = "<group>"; };
		164FB31C1CF0C251000A7235 /* OpenGL.framework */ = {isa = PBXFileReference; lastKnownFileType = wrapper.framework; name = OpenGL.framework; path = ../../../../System/Library/Frameworks/OpenGL.framework; sourceTree = "<group>"; };
		165131DD1CA1895500754DD0 /* BrainHarmonics.plist */ = {isa = PBXFileReference; fileEncoding = 4; lastKnownFileType = text.plist.xml; path = BrainHarmonics.plist; sourceTree = "<group>"; };
		165131DE1CA1899600754DD0 /* resourcepath.cc */ = {isa = PBXFileReference; fileEncoding = 4; lastKnownFileType = sourcecode.cpp.cpp; path = resourcepath.cc; sourceTree = "<group>"; };
		165131DF1CA1899600754DD0 /* resourcepath.h */ = {isa = PBXFileReference; fileEncoding = 4; lastKnownFileType = sourcecode.c.h; path = resourcepath.h; sourceTree = "<group>"; };
		165131E21CA18A0C00754DD0 /* cute_image.jpg */ = {isa = PBXFileReference; lastKnownFileType = image.jpeg; path = cute_image.jpg; sourceTree = "<group>"; };
		165131E31CA18A0C00754DD0 /* nice_music.ogg */ = {isa = PBXFileReference; lastKnownFileType = file; path = nice_music.ogg; sourceTree = "<group>"; };
		165131E41CA18A0C00754DD0 /* sansation.ttf */ = {isa = PBXFileReference; lastKnownFileType = file; path = sansation.ttf; sourceTree = "<group>"; };
		165131E51CA18A0C00754DD0 /* icon.png */ = {isa = PBXFileReference; lastKnownFileType = image.png; path = icon.png; sourceTree = "<group>"; };
		165131E61CA1929A00754DD0 /* messages.txt */ = {isa = PBXFileReference; fileEncoding = 4; lastKnownFileType = text; path = messages.txt; sourceTree = "<group>"; };
		166364E51E4C6805002C459A /* dendritespine.cc */ = {isa = PBXFileReference; fileEncoding = 4; lastKnownFileType = sourcecode.cpp.cpp; path = dendritespine.cc; sourceTree = "<group>"; };
		166364E61E4C6805002C459A /* dendritespine.h */ = {isa = PBXFileReference; fileEncoding = 4; lastKnownFileType = sourcecode.c.h; path = dendritespine.h; sourceTree = "<group>"; };
		1673F22E1CDD238000E156D9 /* pycompute.py */ = {isa = PBXFileReference; lastKnownFileType = text.script.python; name = pycompute.py; path = DerivedData/Build/Products/Debug/pycompute.py; sourceTree = SOURCE_ROOT; };
		168005C01C61FCB8007F5DF6 /* BrainHarmonics */ = {isa = PBXFileReference; explicitFileType = "compiled.mach-o.executable"; includeInIndex = 0; path = BrainHarmonics; sourceTree = BUILT_PRODUCTS_DIR; };
		168005C31C61FCB8007F5DF6 /* main.cc */ = {isa = PBXFileReference; lastKnownFileType = sourcecode.cpp.cpp; path = main.cc; sourceTree = "<group>"; };
		168005CA1C61FE1C007F5DF6 /* neuron.h */ = {isa = PBXFileReference; lastKnownFileType = sourcecode.c.h; path = neuron.h; sourceTree = "<group>"; };
		168005CB1C61FE2F007F5DF6 /* soma.h */ = {isa = PBXFileReference; lastKnownFileType = sourcecode.c.h; path = soma.h; sourceTree = "<group>"; };
		168005CC1C61FE48007F5DF6 /* axonhillock.h */ = {isa = PBXFileReference; lastKnownFileType = sourcecode.c.h; path = axonhillock.h; sourceTree = "<group>"; };
		168005CD1C61FE67007F5DF6 /* schwanncell.h */ = {isa = PBXFileReference; lastKnownFileType = sourcecode.c.h; path = schwanncell.h; sourceTree = "<group>"; };
		168005CE1C61FE7A007F5DF6 /* axon.h */ = {isa = PBXFileReference; lastKnownFileType = sourcecode.c.h; path = axon.h; sourceTree = "<group>"; };
		168005CF1C61FE8C007F5DF6 /* dendrite.h */ = {isa = PBXFileReference; lastKnownFileType = sourcecode.c.h; path = dendrite.h; sourceTree = "<group>"; };
		168005D01C61FEB1007F5DF6 /* kchannel.h */ = {isa = PBXFileReference; lastKnownFileType = sourcecode.c.h; path = kchannel.h; sourceTree = "<group>"; };
		168005D11C61FEC8007F5DF6 /* nachannel.h */ = {isa = PBXFileReference; lastKnownFileType = sourcecode.c.h; path = nachannel.h; sourceTree = "<group>"; };
		168005D21C61FEE8007F5DF6 /* neurotransmitter.h */ = {isa = PBXFileReference; lastKnownFileType = sourcecode.c.h; path = neurotransmitter.h; sourceTree = "<group>"; };
		168005D31C61FEFC007F5DF6 /* neuroreceptor.h */ = {isa = PBXFileReference; lastKnownFileType = sourcecode.c.h; path = neuroreceptor.h; sourceTree = "<group>"; };
		168005D41C61FF15007F5DF6 /* synapse.h */ = {isa = PBXFileReference; lastKnownFileType = sourcecode.c.h; path = synapse.h; sourceTree = "<group>"; };
		168005D51C61FF7F007F5DF6 /* neuron.cc */ = {isa = PBXFileReference; fileEncoding = 4; lastKnownFileType = sourcecode.cpp.cpp; path = neuron.cc; sourceTree = "<group>"; };
		168005D71C61FF9D007F5DF6 /* soma.cc */ = {isa = PBXFileReference; fileEncoding = 4; lastKnownFileType = sourcecode.cpp.cpp; path = soma.cc; sourceTree = "<group>"; };
		168005D91C61FFB7007F5DF6 /* axonhillock.cc */ = {isa = PBXFileReference; fileEncoding = 4; lastKnownFileType = sourcecode.cpp.cpp; path = axonhillock.cc; sourceTree = "<group>"; };
		168005DB1C61FFCD007F5DF6 /* schwanncell.cc */ = {isa = PBXFileReference; fileEncoding = 4; lastKnownFileType = sourcecode.cpp.cpp; path = schwanncell.cc; sourceTree = "<group>"; };
		168005DD1C61FFEA007F5DF6 /* axon.cc */ = {isa = PBXFileReference; fileEncoding = 4; lastKnownFileType = sourcecode.cpp.cpp; path = axon.cc; sourceTree = "<group>"; };
		168005DF1C61FFFF007F5DF6 /* dendrite.cc */ = {isa = PBXFileReference; fileEncoding = 4; lastKnownFileType = sourcecode.cpp.cpp; path = dendrite.cc; sourceTree = "<group>"; };
		168005E11C620022007F5DF6 /* kchannel.cc */ = {isa = PBXFileReference; fileEncoding = 4; lastKnownFileType = sourcecode.cpp.cpp; path = kchannel.cc; sourceTree = "<group>"; };
		168005E31C62003A007F5DF6 /* nachannel.cc */ = {isa = PBXFileReference; fileEncoding = 4; lastKnownFileType = sourcecode.cpp.cpp; path = nachannel.cc; sourceTree = "<group>"; };
		168005E51C620050007F5DF6 /* neurotransmitter.cc */ = {isa = PBXFileReference; fileEncoding = 4; lastKnownFileType = sourcecode.cpp.cpp; path = neurotransmitter.cc; sourceTree = "<group>"; };
		168005E71C62006D007F5DF6 /* neuroreceptor.cc */ = {isa = PBXFileReference; fileEncoding = 4; lastKnownFileType = sourcecode.cpp.cpp; path = neuroreceptor.cc; sourceTree = "<group>"; };
		168005E91C620085007F5DF6 /* synapse.cc */ = {isa = PBXFileReference; fileEncoding = 4; lastKnownFileType = sourcecode.cpp.cpp; path = synapse.cc; sourceTree = "<group>"; };
		168005EB1C620098007F5DF6 /* cagate.cc */ = {isa = PBXFileReference; fileEncoding = 4; lastKnownFileType = sourcecode.cpp.cpp; path = cagate.cc; sourceTree = "<group>"; };
		168005EC1C620098007F5DF6 /* cagate.h */ = {isa = PBXFileReference; fileEncoding = 4; lastKnownFileType = sourcecode.c.h; path = cagate.h; sourceTree = "<group>"; };
		168610B41CC2D1DE00F09001 /* multiscreen.cc */ = {isa = PBXFileReference; fileEncoding = 4; lastKnownFileType = sourcecode.cpp.cpp; path = multiscreen.cc; sourceTree = "<group>"; };
		168610B51CC2D1DE00F09001 /* multiscreen.h */ = {isa = PBXFileReference; fileEncoding = 4; lastKnownFileType = sourcecode.c.h; path = multiscreen.h; sourceTree = "<group>"; };
		16E3DFC01CBD46F000C7C2B1 /* spike.cc */ = {isa = PBXFileReference; fileEncoding = 4; lastKnownFileType = sourcecode.cpp.cpp; path = spike.cc; sourceTree = "<group>"; };
		16E3DFC11CBD46F000C7C2B1 /* spike.h */ = {isa = PBXFileReference; fileEncoding = 4; lastKnownFileType = sourcecode.c.h; path = spike.h; sourceTree = "<group>"; };
		16F8F3621CBEE204002E2658 /* monomer.cc */ = {isa = PBXFileReference; fileEncoding = 4; lastKnownFileType = sourcecode.cpp.cpp; name = monomer.cc; path = ../../homegrown/include/monomer.cc; sourceTree = "<group>"; };
		16F8F3631CBEE204002E2658 /* monomer.h */ = {isa = PBXFileReference; fileEncoding = 4; lastKnownFileType = sourcecode.c.h; name = monomer.h; path = ../../homegrown/include/monomer.h; sourceTree = "<group>"; };
		16F8F3651CBEE226002E2658 /* polymer.cc */ = {isa = PBXFileReference; fileEncoding = 4; lastKnownFileType = sourcecode.cpp.cpp; name = polymer.cc; path = ../../homegrown/include/polymer.cc; sourceTree = "<group>"; };
		16F8F3661CBEE226002E2658 /* polymer.h */ = {isa = PBXFileReference; fileEncoding = 4; lastKnownFileType = sourcecode.c.h; name = polymer.h; path = ../../homegrown/include/polymer.h; sourceTree = "<group>"; };
/* End PBXFileReference section */

/* Begin PBXFrameworksBuildPhase section */
		168005BD1C61FCB8007F5DF6 /* Frameworks */ = {
			isa = PBXFrameworksBuildPhase;
			buildActionMask = 2147483647;
			files = (
				164FB31E1CF0C251000A7235 /* GLUT.framework in Frameworks */,
				164FB31D1CF0C251000A7235 /* Cocoa.framework in Frameworks */,
				164FB31F1CF0C251000A7235 /* OpenGL.framework in Frameworks */,
			);
			runOnlyForDeploymentPostprocessing = 0;
		};
/* End PBXFrameworksBuildPhase section */

/* Begin PBXGroup section */
		165131DC1CA1892900754DD0 /* Supporting Files */ = {
			isa = PBXGroup;
			children = (
				163FF45C1CDFC1FF002B7DE9 /* ccpx1.in */,
				163FF45D1CDFC1FF002B7DE9 /* ccpx11.in */,
				1673F22E1CDD238000E156D9 /* pycompute.py */,
				165131DD1CA1895500754DD0 /* BrainHarmonics.plist */,
			);
			name = "Supporting Files";
			sourceTree = "<group>";
		};
		165131E11CA189CF00754DD0 /* Resources */ = {
			isa = PBXGroup;
			children = (
				16053C5D1E95120300760241 /* data */,
				165131E61CA1929A00754DD0 /* messages.txt */,
				165131E21CA18A0C00754DD0 /* cute_image.jpg */,
				165131E31CA18A0C00754DD0 /* nice_music.ogg */,
				165131E41CA18A0C00754DD0 /* sansation.ttf */,
				165131E51CA18A0C00754DD0 /* icon.png */,
			);
			name = Resources;
			sourceTree = "<group>";
		};
		168005B71C61FCB8007F5DF6 = {
			isa = PBXGroup;
			children = (
				164FB31A1CF0C251000A7235 /* Cocoa.framework */,
				164FB31B1CF0C251000A7235 /* GLUT.framework */,
				164FB31C1CF0C251000A7235 /* OpenGL.framework */,
				165131E11CA189CF00754DD0 /* Resources */,
				165131DC1CA1892900754DD0 /* Supporting Files */,
				168005C21C61FCB8007F5DF6 /* BrainHarmonics */,
				168005C11C61FCB8007F5DF6 /* Products */,
			);
			sourceTree = "<group>";
		};
		168005C11C61FCB8007F5DF6 /* Products */ = {
			isa = PBXGroup;
			children = (
				168005C01C61FCB8007F5DF6 /* BrainHarmonics */,
			);
			name = Products;
			sourceTree = "<group>";
		};
		168005C21C61FCB8007F5DF6 /* BrainHarmonics */ = {
			isa = PBXGroup;
			children = (
				1619900F1C7518D700EA6040 /* abstraction.cc */,
				161990101C7518D700EA6040 /* abstraction.h */,
				161990111C7518D700EA6040 /* apptimer.cc */,
				161990121C7518D700EA6040 /* apptimer.h */,
				168005DD1C61FFEA007F5DF6 /* axon.cc */,
				168005CE1C61FE7A007F5DF6 /* axon.h */,
				160043CD1C7332CB00871CD2 /* axonbouton.cc */,
				160043CE1C7332CB00871CD2 /* axonbouton.h */,
				160043C71C73318B00871CD2 /* axonbranch.cc */,
				160043C81C73318B00871CD2 /* axonbranch.h */,
				168005D91C61FFB7007F5DF6 /* axonhillock.cc */,
				168005CC1C61FE48007F5DF6 /* axonhillock.h */,
				168005EB1C620098007F5DF6 /* cagate.cc */,
				168005EC1C620098007F5DF6 /* cagate.h */,
				161990131C7518D700EA6040 /* compositeforce.cc */,
				161990141C7518D700EA6040 /* compositeforce.h */,
				161990151C7518D700EA6040 /* compositeparticle.cc */,
				161990161C7518D700EA6040 /* compositeparticle.h */,
				168005DF1C61FFFF007F5DF6 /* dendrite.cc */,
				168005CF1C61FE8C007F5DF6 /* dendrite.h */,
				160043C41C73317600871CD2 /* dendritebranch.cc */,
				160043C51C73317600871CD2 /* dendritebranch.h */,
				160043CA1C7332B300871CD2 /* dendritecleft.cc */,
				160043CB1C7332B300871CD2 /* dendritecleft.h */,
				166364E51E4C6805002C459A /* dendritespine.cc */,
				166364E61E4C6805002C459A /* dendritespine.h */,
				161990171C7518D700EA6040 /* dimension.cc */,
				161990181C7518D700EA6040 /* dimension.h */,
				161990191C7518D700EA6040 /* elementaryforce.cc */,
				1619901A1C7518D700EA6040 /* elementaryforce.h */,
				1619901B1C7518D700EA6040 /* elementaryparticle.cc */,
				1619901C1C7518D700EA6040 /* elementaryparticle.h */,
				168005E11C620022007F5DF6 /* kchannel.cc */,
				168005D01C61FEB1007F5DF6 /* kchannel.h */,
				1619901E1C7518D700EA6040 /* law.cc */,
				1619901F1C7518D700EA6040 /* law.h */,
				161990201C7518D700EA6040 /* line.cc */,
				161990211C7518D700EA6040 /* line.h */,
				168005C31C61FCB8007F5DF6 /* main.cc */,
				161990241C7518D700EA6040 /* matter.cc */,
				161990251C7518D700EA6040 /* matter.h */,
				160043C11C732F0000871CD2 /* membrane.cc */,
				160043C21C732F0000871CD2 /* membrane.h */,
				16F8F3621CBEE204002E2658 /* monomer.cc */,
				16F8F3631CBEE204002E2658 /* monomer.h */,
				168610B41CC2D1DE00F09001 /* multiscreen.cc */,
				168610B51CC2D1DE00F09001 /* multiscreen.h */,
				160043BE1C73292E00871CD2 /* myelinsheath.cc */,
				160043BF1C73292E00871CD2 /* myelinsheath.h */,
				168005E31C62003A007F5DF6 /* nachannel.cc */,
				168005D11C61FEC8007F5DF6 /* nachannel.h */,
				168005D51C61FF7F007F5DF6 /* neuron.cc */,
				168005CA1C61FE1C007F5DF6 /* neuron.h */,
				168005E71C62006D007F5DF6 /* neuroreceptor.cc */,
				168005D31C61FEFC007F5DF6 /* neuroreceptor.h */,
				168005E51C620050007F5DF6 /* neurotransmitter.cc */,
				168005D21C61FEE8007F5DF6 /* neurotransmitter.h */,
				161990261C7518D700EA6040 /* node.cc */,
				161990271C7518D700EA6040 /* node.h */,
				164F6ECC1E7C15F4008A80AA /* orbital.cc */,
				164F6ECD1E7C15F4008A80AA /* orbital.h */,
				161990281C7518D700EA6040 /* point.cc */,
				161990291C7518D700EA6040 /* point.h */,
				1619902A1C7518D700EA6040 /* polygon.cc */,
				1619902B1C7518D700EA6040 /* polygon.h */,
				1619902C1C7518D700EA6040 /* polyhedron.cc */,
				1619902D1C7518D700EA6040 /* polyhedron.h */,
				16F8F3651CBEE226002E2658 /* polymer.cc */,
				16F8F3661CBEE226002E2658 /* polymer.h */,
				1619902E1C7518D700EA6040 /* quad.cc */,
				1619902F1C7518D700EA6040 /* quad.h */,
				165131DF1CA1899600754DD0 /* resourcepath.h */,
				165131DE1CA1899600754DD0 /* resourcepath.cc */,
				168005DB1C61FFCD007F5DF6 /* schwanncell.cc */,
				168005CD1C61FE67007F5DF6 /* schwanncell.h */,
				16053C5A1E94EE2900760241 /* sniffex.cc */,
				16053C5B1E94EE2900760241 /* sniffex.h */,
				161990311C7518D700EA6040 /* solid.cc */,
				161990321C7518D700EA6040 /* solid.h */,
				168005D71C61FF9D007F5DF6 /* soma.cc */,
				168005CB1C61FE2F007F5DF6 /* soma.h */,
				16E3DFC01CBD46F000C7C2B1 /* spike.cc */,
				16E3DFC11CBD46F000C7C2B1 /* spike.h */,
				168005E91C620085007F5DF6 /* synapse.cc */,
				168005D41C61FF15007F5DF6 /* synapse.h */,
				160043D01C73349300871CD2 /* synapticvesicle.cc */,
				160043D11C73349300871CD2 /* synapticvesicle.h */,
				161990331C7518D700EA6040 /* universe.cc */,
				161990341C7518D700EA6040 /* universe.h */,
			);
			path = BrainHarmonics;
			sourceTree = "<group>";
		};
/* End PBXGroup section */

/* Begin PBXNativeTarget section */
		168005BF1C61FCB8007F5DF6 /* BrainHarmonics */ = {
			isa = PBXNativeTarget;
			buildConfigurationList = 168005C71C61FCB8007F5DF6 /* Build configuration list for PBXNativeTarget "BrainHarmonics" */;
			buildPhases = (
				168005BC1C61FCB8007F5DF6 /* Sources */,
				168005BD1C61FCB8007F5DF6 /* Frameworks */,
				168005BE1C61FCB8007F5DF6 /* CopyFiles */,
			);
			buildRules = (
			);
			dependencies = (
			);
			name = BrainHarmonics;
			productName = BrainHarmonics;
			productReference = 168005C01C61FCB8007F5DF6 /* BrainHarmonics */;
			productType = "com.apple.product-type.tool";
		};
/* End PBXNativeTarget section */

/* Begin PBXProject section */
		168005B81C61FCB8007F5DF6 /* Project object */ = {
			isa = PBXProject;
			attributes = {
				LastUpgradeCheck = 0730;
				ORGANIZATIONNAME = "Paul Isaac's";
				TargetAttributes = {
					168005BF1C61FCB8007F5DF6 = {
						CreatedOnToolsVersion = 7.2;
					};
				};
			};
			buildConfigurationList = 168005BB1C61FCB8007F5DF6 /* Build configuration list for PBXProject "BrainHarmonics" */;
			compatibilityVersion = "Xcode 6.3";
			developmentRegion = English;
			hasScannedForEncodings = 0;
			knownRegions = (
				en,
			);
			mainGroup = 168005B71C61FCB8007F5DF6;
			productRefGroup = 168005C11C61FCB8007F5DF6 /* Products */;
			projectDirPath = "";
			projectRoot = "";
			targets = (
				168005BF1C61FCB8007F5DF6 /* BrainHarmonics */,
			);
		};
/* End PBXProject section */

/* Begin PBXSourcesBuildPhase section */
		168005BC1C61FCB8007F5DF6 /* Sources */ = {
			isa = PBXSourcesBuildPhase;
			buildActionMask = 2147483647;
			files = (
				160043C61C73317600871CD2 /* dendritebranch.cc in Sources */,
				168005DA1C61FFB7007F5DF6 /* axonhillock.cc in Sources */,
				161990411C7518D700EA6040 /* node.cc in Sources */,
				168005E21C620022007F5DF6 /* kchannel.cc in Sources */,
				161990421C7518D700EA6040 /* point.cc in Sources */,
				168005D61C61FF7F007F5DF6 /* neuron.cc in Sources */,
				160043C31C732F0000871CD2 /* membrane.cc in Sources */,
				168005ED1C620098007F5DF6 /* cagate.cc in Sources */,
				168005EA1C620085007F5DF6 /* synapse.cc in Sources */,
				168005C41C61FCB8007F5DF6 /* main.cc in Sources */,
				161990401C7518D700EA6040 /* matter.cc in Sources */,
				160043C01C73292E00871CD2 /* myelinsheath.cc in Sources */,
				161990361C7518D700EA6040 /* apptimer.cc in Sources */,
				168005DC1C61FFCD007F5DF6 /* schwanncell.cc in Sources */,
				160043CF1C7332CB00871CD2 /* axonbouton.cc in Sources */,
				16053C5C1E94EE2900760241 /* sniffex.cc in Sources */,
				168005D81C61FF9D007F5DF6 /* soma.cc in Sources */,
				166364E71E4C6805002C459A /* dendritespine.cc in Sources */,
				1619903B1C7518D700EA6040 /* elementaryparticle.cc in Sources */,
				1619903A1C7518D700EA6040 /* elementaryforce.cc in Sources */,
				161990381C7518D700EA6040 /* compositeparticle.cc in Sources */,
				16F8F3671CBEE226002E2658 /* polymer.cc in Sources */,
				160043C91C73318B00871CD2 /* axonbranch.cc in Sources */,
				168005E41C62003A007F5DF6 /* nachannel.cc in Sources */,
				161990391C7518D700EA6040 /* dimension.cc in Sources */,
				161990441C7518D700EA6040 /* polyhedron.cc in Sources */,
				161990351C7518D700EA6040 /* abstraction.cc in Sources */,
				160043D21C73349300871CD2 /* synapticvesicle.cc in Sources */,
				16F8F3641CBEE204002E2658 /* monomer.cc in Sources */,
				16E3DFC21CBD46F000C7C2B1 /* spike.cc in Sources */,
				164F6ECE1E7C15F4008A80AA /* orbital.cc in Sources */,
				161990451C7518D700EA6040 /* quad.cc in Sources */,
				161990431C7518D700EA6040 /* polygon.cc in Sources */,
				168005DE1C61FFEA007F5DF6 /* axon.cc in Sources */,
				161990371C7518D700EA6040 /* compositeforce.cc in Sources */,
				161990471C7518D700EA6040 /* solid.cc in Sources */,
				1619903E1C7518D700EA6040 /* line.cc in Sources */,
				168005E01C61FFFF007F5DF6 /* dendrite.cc in Sources */,
				168005E61C620050007F5DF6 /* neurotransmitter.cc in Sources */,
				168005E81C62006D007F5DF6 /* neuroreceptor.cc in Sources */,
				165131E01CA1899600754DD0 /* resourcepath.cc in Sources */,
				168610B61CC2D1DE00F09001 /* multiscreen.cc in Sources */,
				1619903D1C7518D700EA6040 /* law.cc in Sources */,
				161990481C7518D700EA6040 /* universe.cc in Sources */,
				160043CC1C7332B300871CD2 /* dendritecleft.cc in Sources */,
			);
			runOnlyForDeploymentPostprocessing = 0;
		};
/* End PBXSourcesBuildPhase section */

/* Begin XCBuildConfiguration section */
		168005C51C61FCB8007F5DF6 /* Debug */ = {
			isa = XCBuildConfiguration;
			buildSettings = {
				ALWAYS_SEARCH_USER_PATHS = YES;
				APP_BINARY_TYPE = FRAMEWORKS;
				APP_COREFOUNDATION = "$(APP_LINK_PREFIX) CoreFoundation$(APP_LINK_SUFFIX)";
				APP_FOUNDATION = "$(APP_LINK_PREFIX) Foundation$(APP_LINK_SUFFIX)";
				APP_IOKIT = "$(APP_LINK_PREFIX) IOKit$(APP_LINK_SUFFIX)";
				APP_LINK_FRAMEWORKS_PREFIX = "-framework";
				APP_LINK_FRAMEWORKS_SUFFIX = "";
				APP_LINK_PREFIX = "$(APP_LINK_$(APP_BINARY_TYPE)_PREFIX)";
				APP_PYTHON = "$(APP_LINK_PREFIX) Python$(APP_LINK_SUFFIX)";
				CAER = "$(CAER_LINK_PREFIX) caer$(CAER_LINK_SUFFIX)";
				CAER_BINARY_TYPE = DYLIBS;
				CAER_LINK_DYLIBS_PREFIX = "-l";
				CAER_LINK_DYLIBS_SUFFIX = "";
				CAER_LINK_PREFIX = "$(CAER_LINK_$(CAER_BINARY_TYPE)_PREFIX)";
				CAER_LINK_SUFFIX = "$(CAER_LINK_$(CAER_BINARY_TYPE)_SUFFIX)";
				CLANG_CXX_LANGUAGE_STANDARD = "c++0x";
				CLANG_CXX_LIBRARY = "libc++";
				CLANG_ENABLE_MODULES = NO;
				CLANG_ENABLE_OBJC_ARC = NO;
				CLANG_WARN_BOOL_CONVERSION = NO;
				CLANG_WARN_CONSTANT_CONVERSION = NO;
				CLANG_WARN_DIRECT_OBJC_ISA_USAGE = YES;
				CLANG_WARN_EMPTY_BODY = NO;
				CLANG_WARN_ENUM_CONVERSION = NO;
				CLANG_WARN_INT_CONVERSION = NO;
				CLANG_WARN_OBJC_ROOT_CLASS = YES;
				CLANG_WARN_UNREACHABLE_CODE = NO;
				CLANG_WARN__DUPLICATE_METHOD_MATCH = NO;
				CODE_SIGN_IDENTITY = "";
				CONCERTDIR = /Users/pbisaacs/Applications/IBM/ILOG/CPLEX_Studio125/concert;
				COPY_PHASE_STRIP = YES;
				CPLEX = "$(CPLEX_LINK_PREFIX) cplex$(CPLEX_LINK_SUFFIX)";
				CPLEXDIR = /Users/pbisaacs/Applications/IBM/ILOG/CPLEX_Studio125/cplex;
				CPLEX_BINARY_TYPE = DYLIBS;
				CPLEX_CONCERT = "$(CPLEX_LINK_PREFIX) concert$(CPLEX_LINK_SUFFIX)";
				CPLEX_ILO = "$(CPLEX_LINK_PREFIX) ilocplex$(CPLEX_LINK_SUFFIX)";
				CPLEX_LINK_DYLIBS_PREFIX = "-l";
				CPLEX_LINK_PREFIX = "$(CPLEX_LINK_$(CPLEX_BINARY_TYPE)_PREFIX)";
				CPLEX_LINK_SUFFIX = "";
				DEBUG_INFORMATION_FORMAT = dwarf;
				ENABLE_STRICT_OBJC_MSGSEND = NO;
				ENABLE_TESTABILITY = NO;
				FRAMEWORK_SEARCH_PATHS = (
					/System/Library/Frameworks/,
					/Library/Frameworks/,
				);
				GCC_C_LANGUAGE_STANDARD = c11;
				GCC_DYNAMIC_NO_PIC = NO;
				GCC_NO_COMMON_BLOCKS = NO;
				GCC_OPTIMIZATION_LEVEL = 2;
				GCC_PREPROCESSOR_DEFINITIONS = (
					"DEBUG=1",
					"$(inherited)",
				);
				GCC_WARN_64_TO_32_BIT_CONVERSION = NO;
				GCC_WARN_ABOUT_RETURN_TYPE = NO;
				GCC_WARN_UNDECLARED_SELECTOR = NO;
				GCC_WARN_UNINITIALIZED_AUTOS = NO;
				GCC_WARN_UNUSED_FUNCTION = NO;
				GCC_WARN_UNUSED_VARIABLE = NO;
				HEADER_SEARCH_PATHS = (
					/System/Library/Frameworks/Python.framework/Versions/2.7/include/python2.7/,
					"/System/Library/Frameworks/Python.framework//Versions/2.7/Extras/lib/python/numpy/core/include/",
					/usr/local/Aria/include/,
					/usr/local/include/,
					/Users/pbisaacs/Developer/homegrown/include/,
					"$(inherited)",
					"$CPLEXDIR/include/**",
					"$CONCERTDIR/include/**",
				);
				LIBRARY_SEARCH_PATHS = (
					"/usr/local/lib/**",
					/usr/local/Aria/lib/,
					/Users/pbisaacs/Developer/homegrown/lib/,
					"$(inherited)",
					"$(CPLEXDIR)/lib/x86-64_darwin/static_pic/",
					"$(CONCERTDIR)/lib/x86-64_darwin/static_pic/",
				);
				MACOSX_DEPLOYMENT_TARGET = 10.11;
				MTL_ENABLE_DEBUG_INFO = YES;
				ONLY_ACTIVE_ARCH = YES;
				OTHER_CFLAGS = "-DIL_STD";
				OTHER_CPLUSPLUSFLAGS = (
					"$(OTHER_CFLAGS)",
					"-O0",
					"-m64",
					"-O",
					"-fPIC",
					"-fpermissive",
					"-DNDEBUG",
				);
				OTHER_LDFLAGS = (
					"$(APP_PYTHON)",
					"$(APP_FOUNDATION)",
					"$(APP_COREFOUNDATION)",
					"$(APP_IOKIT)",
					"$(CAER)",
					"$(SFML_SYSTEM)",
					"$(SFML_WINDOW)",
					"$(SFML_GRAPHICS)",
					"$(SFML_AUDIO)",
					"$(SFML_NETWORK)",
					"$(CPLEX_ILO)",
					"$(CPLEX_CONCERT)",
					"$(CPLEX)",
					"$(inherited)",
					"-l",
					pcap,
				);
				SDKROOT = macosx;
				SFML_AUDIO = "$(SFML_LINK_PREFIX) sfml-audio$(SFML_LINK_SUFFIX)";
				SFML_BINARY_TYPE = DYLIBS;
				SFML_GRAPHICS = "$(SFML_LINK_PREFIX) sfml-graphics$(SFML_LINK_SUFFIX)";
				SFML_LINK_DYLIBS_PREFIX = "-l";
				SFML_LINK_DYLIBS_SUFFIX = "";
				SFML_LINK_FRAMEWORKS_PREFIX = "-framework";
				SFML_LINK_FRAMEWORKS_SUFFIX = "";
				SFML_LINK_PREFIX = "$(SFML_LINK_$(SFML_BINARY_TYPE)_PREFIX)";
				SFML_LINK_SUFFIX = "$(SFML_LINK_$(SFML_BINARY_TYPE)_SUFFIX)";
				SFML_NETWORK = "$(SFML_LINK_PREFIX) sfml-network$(SFML_LINK_SUFFIX)";
				SFML_SYSTEM = "$(SFML_LINK_PREFIX) sfml-system$(SFML_LINK_SUFFIX)";
				SFML_WINDOW = "$(SFML_LINK_PREFIX) sfml-window$(SFML_LINK_SUFFIX)";
				VALID_ARCHS = x86_64;
			};
			name = Debug;
		};
		168005C61C61FCB8007F5DF6 /* Release */ = {
			isa = XCBuildConfiguration;
			buildSettings = {
				ALWAYS_SEARCH_USER_PATHS = YES;
				APP_BINARY_TYPE = FRAMEWORKS;
				APP_COREFOUNDATION = "$(APP_LINK_PREFIX) CoreFoundation$(APP_LINK_SUFFIX)";
				APP_FOUNDATION = "$(APP_LINK_PREFIX) Foundation$(APP_LINK_SUFFIX)";
				APP_IOKIT = "$(APP_LINK_PREFIX) IOKit$(APP_LINK_SUFFIX)";
				APP_LINK_FRAMEWORKS_PREFIX = "-framework";
				APP_LINK_FRAMEWORKS_SUFFIX = "";
				APP_LINK_PREFIX = "$(APP_LINK_$(APP_BINARY_TYPE)_PREFIX)";
				APP_PYTHON = "$(APP_LINK_PREFIX) Python$(APP_LINK_SUFFIX)";
				CAER = "$(CAER_LINK_PREFIX) caer$(CAER_LINK_SUFFIX)";
				CAER_BINARY_TYPE = DYLIBS;
				CAER_LINK_DYLIBS_PREFIX = "-l";
				CAER_LINK_DYLIBS_SUFFIX = "";
				CAER_LINK_PREFIX = "$(CAER_LINK_$(CAER_BINARY_TYPE)_PREFIX)";
				CAER_LINK_SUFFIX = "$(CAER_LINK_$(CAER_BINARY_TYPE)_SUFFIX)";
				CLANG_CXX_LANGUAGE_STANDARD = "c++0x";
				CLANG_CXX_LIBRARY = "libc++";
				CLANG_ENABLE_MODULES = NO;
				CLANG_ENABLE_OBJC_ARC = NO;
				CLANG_WARN_BOOL_CONVERSION = NO;
				CLANG_WARN_CONSTANT_CONVERSION = NO;
				CLANG_WARN_DIRECT_OBJC_ISA_USAGE = YES;
				CLANG_WARN_EMPTY_BODY = NO;
				CLANG_WARN_ENUM_CONVERSION = NO;
				CLANG_WARN_INT_CONVERSION = NO;
				CLANG_WARN_OBJC_ROOT_CLASS = YES;
				CLANG_WARN_UNREACHABLE_CODE = NO;
				CLANG_WARN__DUPLICATE_METHOD_MATCH = NO;
				CODE_SIGN_IDENTITY = "";
				CONCERTDIR = /Users/pbisaacs/Applications/IBM/ILOG/CPLEX_Studio125/concert;
				COPY_PHASE_STRIP = YES;
				CPLEX = "$(CPLEX_LINK_PREFIX) cplex$(CPLEX_LINK_SUFFIX)";
				CPLEXDIR = /Users/pbisaacs/Applications/IBM/ILOG/CPLEX_Studio125/cplex;
				CPLEX_BINARY_TYPE = DYLIBS;
				CPLEX_CONCERT = "$(CPLEX_LINK_PREFIX) concert$(CPLEX_LINK_SUFFIX)";
				CPLEX_ILO = "$(CPLEX_LINK_PREFIX) ilocplex$(CPLEX_LINK_SUFFIX)";
				CPLEX_LINK_DYLIBS_PREFIX = "-l";
				CPLEX_LINK_PREFIX = "$(CPLEX_LINK_$(CPLEX_BINARY_TYPE)_PREFIX)";
				CPLEX_LINK_SUFFIX = "";
				DEBUG_INFORMATION_FORMAT = dwarf;
				ENABLE_NS_ASSERTIONS = YES;
				ENABLE_STRICT_OBJC_MSGSEND = NO;
				ENABLE_TESTABILITY = NO;
				FRAMEWORK_SEARCH_PATHS = (
					/System/Library/Frameworks/,
					/Library/Frameworks/,
				);
				GCC_C_LANGUAGE_STANDARD = c11;
				GCC_NO_COMMON_BLOCKS = NO;
				GCC_OPTIMIZATION_LEVEL = 2;
				GCC_WARN_64_TO_32_BIT_CONVERSION = NO;
				GCC_WARN_ABOUT_RETURN_TYPE = NO;
				GCC_WARN_UNDECLARED_SELECTOR = NO;
				GCC_WARN_UNINITIALIZED_AUTOS = NO;
				GCC_WARN_UNUSED_FUNCTION = NO;
				GCC_WARN_UNUSED_VARIABLE = NO;
				HEADER_SEARCH_PATHS = (
					/System/Library/Frameworks/Python.framework/Versions/2.7/include/python2.7/,
					"/System/Library/Frameworks/Python.framework//Versions/2.7/Extras/lib/python/numpy/core/include/",
					/usr/local/Aria/include/,
					/usr/local/include/,
					/Users/pbisaacs/Developer/homegrown/include/,
					"$(inherited)",
					"$CPLEXDIR/include/**",
					"$CONCERTDIR/include/**",
				);
				LIBRARY_SEARCH_PATHS = (
					"/usr/local/lib/**",
					/usr/local/Aria/lib/,
					/Users/pbisaacs/Developer/homegrown/lib/,
					"$(inherited)",
					"$(CPLEXDIR)/lib/x86-64_darwin/static_pic/",
					"$(CONCERTDIR)/lib/x86-64_darwin/static_pic/",
				);
				MACOSX_DEPLOYMENT_TARGET = 10.11;
				MTL_ENABLE_DEBUG_INFO = NO;
				ONLY_ACTIVE_ARCH = YES;
				OTHER_CFLAGS = "-DIL_STD";
				OTHER_CPLUSPLUSFLAGS = (
					"$(OTHER_CFLAGS)",
					"-O0",
					"-m64",
					"-O",
					"-fPIC",
					"-fpermissive",
					"-DNDEBUG",
				);
				OTHER_LDFLAGS = (
					"$(APP_PYTHON)",
					"$(APP_FOUNDATION)",
					"$(APP_COREFOUNDATION)",
					"$(APP_IOKIT)",
					"$(CAER)",
					"$(SFML_SYSTEM)",
					"$(SFML_WINDOW)",
					"$(SFML_GRAPHICS)",
					"$(SFML_AUDIO)",
					"$(SFML_NETWORK)",
					"$(CPLEX_ILO)",
					"$(CPLEX_CONCERT)",
					"$(CPLEX)",
					"$(inherited)",
					"-l",
					pcap,
				);
				SDKROOT = macosx;
				SFML_AUDIO = "$(SFML_LINK_PREFIX) sfml-audio$(SFML_LINK_SUFFIX)";
				SFML_BINARY_TYPE = DYLIBS;
				SFML_GRAPHICS = "$(SFML_LINK_PREFIX) sfml-graphics$(SFML_LINK_SUFFIX)";
				SFML_LINK_DYLIBS_PREFIX = "-l";
				SFML_LINK_DYLIBS_SUFFIX = "";
				SFML_LINK_FRAMEWORKS_PREFIX = "-framework";
				SFML_LINK_FRAMEWORKS_SUFFIX = "";
				SFML_LINK_PREFIX = "$(SFML_LINK_$(SFML_BINARY_TYPE)_PREFIX)";
				SFML_LINK_SUFFIX = "$(SFML_LINK_$(SFML_BINARY_TYPE)_SUFFIX)";
				SFML_NETWORK = "$(SFML_LINK_PREFIX) sfml-network$(SFML_LINK_SUFFIX)";
				SFML_SYSTEM = "$(SFML_LINK_PREFIX) sfml-system$(SFML_LINK_SUFFIX)";
				SFML_WINDOW = "$(SFML_LINK_PREFIX) sfml-window$(SFML_LINK_SUFFIX)";
				VALID_ARCHS = x86_64;
			};
			name = Release;
		};
		168005C81C61FCB8007F5DF6 /* Debug */ = {
			isa = XCBuildConfiguration;
			buildSettings = {
				CLANG_ANALYZER_SECURITY_FLOATLOOPCOUNTER = NO;
				CLANG_CXX_LANGUAGE_STANDARD = "c++0x";
				CLANG_CXX_LIBRARY = "libc++";
				CLANG_WARN__EXIT_TIME_DESTRUCTORS = NO;
				ENABLE_ON_DEMAND_RESOURCES = NO;
				FRAMEWORK_SEARCH_PATHS = "$(inherited)";
				GCC_NO_COMMON_BLOCKS = NO;
				GCC_OPTIMIZATION_LEVEL = s;
				GENERATE_PKGINFO_FILE = NO;
				HEADER_SEARCH_PATHS = "$(inherited)";
				INFOPLIST_FILE = BrainHarmonics/BrainHarmonics.plist;
				LD_RUNPATH_SEARCH_PATHS = "$(inherited)";
				LIBRARY_SEARCH_PATHS = "$(inherited)";
				ONLY_ACTIVE_ARCH = YES;
				OTHER_LDFLAGS = "$(inherited)";
				"OTHER_LDFLAGS[arch=*]" = "$(inherited)";
				PRIVATE_HEADERS_FOLDER_PATH = "$(CONTENTS_FOLDER_PATH)/PrivateHeaders";
				PRODUCT_NAME = "$(TARGET_NAME)";
				PUBLIC_HEADERS_FOLDER_PATH = "$(CONTENTS_FOLDER_PATH)/Headers";
				VALID_ARCHS = x86_64;
				WRAPPER_EXTENSION = app;
			};
			name = Debug;
		};
		168005C91C61FCB8007F5DF6 /* Release */ = {
			isa = XCBuildConfiguration;
			buildSettings = {
				CLANG_ANALYZER_SECURITY_FLOATLOOPCOUNTER = NO;
				CLANG_CXX_LANGUAGE_STANDARD = "c++0x";
				CLANG_CXX_LIBRARY = "libc++";
				CLANG_WARN__EXIT_TIME_DESTRUCTORS = NO;
				ENABLE_ON_DEMAND_RESOURCES = NO;
				FRAMEWORK_SEARCH_PATHS = "$(inherited)";
				GCC_NO_COMMON_BLOCKS = NO;
				GENERATE_PKGINFO_FILE = NO;
				HEADER_SEARCH_PATHS = "$(inherited)";
				INFOPLIST_FILE = BrainHarmonics/BrainHarmonics.plist;
				LD_RUNPATH_SEARCH_PATHS = "$(inherited)";
				LIBRARY_SEARCH_PATHS = "$(inherited)";
				ONLY_ACTIVE_ARCH = YES;
				OTHER_LDFLAGS = "$(inherited)";
				"OTHER_LDFLAGS[arch=*]" = "$(inherited)";
				PRIVATE_HEADERS_FOLDER_PATH = "$(CONTENTS_FOLDER_PATH)/PrivateHeaders";
				PRODUCT_NAME = "$(TARGET_NAME)";
				PUBLIC_HEADERS_FOLDER_PATH = "$(CONTENTS_FOLDER_PATH)/Headers";
				VALID_ARCHS = x86_64;
				WRAPPER_EXTENSION = app;
			};
			name = Release;
		};
/* End XCBuildConfiguration section */

/* Begin XCConfigurationList section */
		168005BB1C61FCB8007F5DF6 /* Build configuration list for PBXProject "BrainHarmonics" */ = {
			isa = XCConfigurationList;
			buildConfigurations = (
				168005C51C61FCB8007F5DF6 /* Debug */,
				168005C61C61FCB8007F5DF6 /* Release */,
			);
			defaultConfigurationIsVisible = 0;
			defaultConfigurationName = Release;
		};
		168005C71C61FCB8007F5DF6 /* Build configuration list for PBXNativeTarget "BrainHarmonics" */ = {
			isa = XCConfigurationList;
			buildConfigurations = (
				168005C81C61FCB8007F5DF6 /* Debug */,
				168005C91C61FCB8007F5DF6 /* Release */,
			);
			defaultConfigurationIsVisible = 0;
			defaultConfigurationName = Release;
		};
/* End XCConfigurationList section */
	};
	rootObject = 168005B81C61FCB8007F5DF6 /* Project object */;
}
